// !$*UTF8*$!
{
	archiveVersion = 1;
	classes = {
	};
	objectVersion = 46;
	objects = {

/* Begin PBXBuildFile section */
		0415DEB81AD3ECD9001EF623 /* User.m in Sources */ = {isa = PBXBuildFile; fileRef = 0415DEB71AD3ECD9001EF623 /* User.m */; };
		042A8AE41AD7D6E60065816D /* MachineLIst.m in Sources */ = {isa = PBXBuildFile; fileRef = 042A8AE31AD7D6E60065816D /* MachineLIst.m */; };
		042A8AE71AD7D70F0065816D /* AddNewMachine.m in Sources */ = {isa = PBXBuildFile; fileRef = 042A8AE61AD7D70F0065816D /* AddNewMachine.m */; };
		042A8AEA1AD7D72A0065816D /* MachineDetails.m in Sources */ = {isa = PBXBuildFile; fileRef = 042A8AE91AD7D72A0065816D /* MachineDetails.m */; };
		042A8AED1AD7D88F0065816D /* MachineListCell.m in Sources */ = {isa = PBXBuildFile; fileRef = 042A8AEC1AD7D88F0065816D /* MachineListCell.m */; };
		044068F71ADE380800F2FF6F /* SegmentedLocationVC.m in Sources */ = {isa = PBXBuildFile; fileRef = 044068F61ADE380800F2FF6F /* SegmentedLocationVC.m */; };
		044068FE1ADE7DC200F2FF6F /* ContainerViewController.m in Sources */ = {isa = PBXBuildFile; fileRef = 044068FD1ADE7DC200F2FF6F /* ContainerViewController.m */; };
		044069011ADE83C400F2FF6F /* EmptySegue.m in Sources */ = {isa = PBXBuildFile; fileRef = 044069001ADE83C400F2FF6F /* EmptySegue.m */; };
		0445C6111ADD2FEA001434B3 /* AddTransaction_PreCell.m in Sources */ = {isa = PBXBuildFile; fileRef = 0445C6101ADD2FEA001434B3 /* AddTransaction_PreCell.m */; };
		04461CAA1AD3913700CBC80A /* main.m in Sources */ = {isa = PBXBuildFile; fileRef = 04461CA91AD3913700CBC80A /* main.m */; };
		04461CAD1AD3913700CBC80A /* AppDelegate.m in Sources */ = {isa = PBXBuildFile; fileRef = 04461CAC1AD3913700CBC80A /* AppDelegate.m */; };
		04461CB01AD3913700CBC80A /* ViewController.m in Sources */ = {isa = PBXBuildFile; fileRef = 04461CAF1AD3913700CBC80A /* ViewController.m */; };
		04461CB31AD3913700CBC80A /* Main.storyboard in Resources */ = {isa = PBXBuildFile; fileRef = 04461CB11AD3913700CBC80A /* Main.storyboard */; };
		04461CB51AD3913700CBC80A /* Images.xcassets in Resources */ = {isa = PBXBuildFile; fileRef = 04461CB41AD3913700CBC80A /* Images.xcassets */; };
		04461CB81AD3913700CBC80A /* LaunchScreen.xib in Resources */ = {isa = PBXBuildFile; fileRef = 04461CB61AD3913700CBC80A /* LaunchScreen.xib */; };
		04461CC41AD3913700CBC80A /* MachineRunTrackingTests.m in Sources */ = {isa = PBXBuildFile; fileRef = 04461CC31AD3913700CBC80A /* MachineRunTrackingTests.m */; };
		04461CE91AD3A8F100CBC80A /* UserDetails.m in Sources */ = {isa = PBXBuildFile; fileRef = 04461CE81AD3A8F100CBC80A /* UserDetails.m */; };
		04461CEF1AD3A97B00CBC80A /* AddUser.m in Sources */ = {isa = PBXBuildFile; fileRef = 04461CEE1AD3A97B00CBC80A /* AddUser.m */; };
		04461CF21AD3A9C500CBC80A /* UserList.m in Sources */ = {isa = PBXBuildFile; fileRef = 04461CF11AD3A9C500CBC80A /* UserList.m */; };
		04461D181AD3AEB100CBC80A /* MainMenu.m in Sources */ = {isa = PBXBuildFile; fileRef = 04461D171AD3AEB100CBC80A /* MainMenu.m */; };
		04461D1C1AD3B1EF00CBC80A /* UserListCell.m in Sources */ = {isa = PBXBuildFile; fileRef = 04461D1B1AD3B1EF00CBC80A /* UserListCell.m */; };
		044DC1861ADB822A002578C2 /* ParameterList.m in Sources */ = {isa = PBXBuildFile; fileRef = 044DC1851ADB822A002578C2 /* ParameterList.m */; };
		044DC18A1ADB8276002578C2 /* ParameterListCell.m in Sources */ = {isa = PBXBuildFile; fileRef = 044DC1891ADB8276002578C2 /* ParameterListCell.m */; };
		044DC18E1ADB82A6002578C2 /* addNewParameter.m in Sources */ = {isa = PBXBuildFile; fileRef = 044DC18D1ADB82A6002578C2 /* addNewParameter.m */; };
		044DC1921ADB82CF002578C2 /* parameterDetails.m in Sources */ = {isa = PBXBuildFile; fileRef = 044DC1911ADB82CF002578C2 /* parameterDetails.m */; };
		044DC1991ADBCD35002578C2 /* TransactionList.m in Sources */ = {isa = PBXBuildFile; fileRef = 044DC1981ADBCD35002578C2 /* TransactionList.m */; };
		044DC19C1ADBCD57002578C2 /* TransactionListCell.m in Sources */ = {isa = PBXBuildFile; fileRef = 044DC19B1ADBCD57002578C2 /* TransactionListCell.m */; };
		044DC19F1ADBCD92002578C2 /* AddTransaction_Basic.m in Sources */ = {isa = PBXBuildFile; fileRef = 044DC19E1ADBCD92002578C2 /* AddTransaction_Basic.m */; };
		044DC1A51ADBCE10002578C2 /* AddTransaction_Pre.m in Sources */ = {isa = PBXBuildFile; fileRef = 044DC1A41ADBCE10002578C2 /* AddTransaction_Pre.m */; };
		044DC1A81ADBCE31002578C2 /* AddTransaction_Run.m in Sources */ = {isa = PBXBuildFile; fileRef = 044DC1A71ADBCE31002578C2 /* AddTransaction_Run.m */; };
		044DC1AB1ADBCE49002578C2 /* AddTransaction_Post.m in Sources */ = {isa = PBXBuildFile; fileRef = 044DC1AA1ADBCE49002578C2 /* AddTransaction_Post.m */; };
		044DC1AE1ADBCE7B002578C2 /* DetailsTransaction_Pre.m in Sources */ = {isa = PBXBuildFile; fileRef = 044DC1AD1ADBCE7B002578C2 /* DetailsTransaction_Pre.m */; };
		044DC1B11ADBCE93002578C2 /* DetailsTransaction_Run.m in Sources */ = {isa = PBXBuildFile; fileRef = 044DC1B01ADBCE93002578C2 /* DetailsTransaction_Run.m */; };
		044DC1B41ADBCEAF002578C2 /* DetailsTransaction_Post.m in Sources */ = {isa = PBXBuildFile; fileRef = 044DC1B31ADBCEAF002578C2 /* DetailsTransaction_Post.m */; };
		A1A2B00D1AE8D65500A9DA14 /* Foundation.framework in Frameworks */ = {isa = PBXBuildFile; fileRef = A1A2B00B1AE8D62300A9DA14 /* Foundation.framework */; };
		A1A2B00E1AE8D65700A9DA14 /* UIKit.framework in Frameworks */ = {isa = PBXBuildFile; fileRef = A1A2B0091AE8D61900A9DA14 /* UIKit.framework */; };
		A1A2B0121AE8D67800A9DA14 /* Bolts.framework in Frameworks */ = {isa = PBXBuildFile; fileRef = A1A2B00F1AE8D67800A9DA14 /* Bolts.framework */; };
		A1A2B0131AE8D67800A9DA14 /* Parse.framework in Frameworks */ = {isa = PBXBuildFile; fileRef = A1A2B0101AE8D67800A9DA14 /* Parse.framework */; };
		A1A2B0141AE8D67800A9DA14 /* ParseUI.framework in Frameworks */ = {isa = PBXBuildFile; fileRef = A1A2B0111AE8D67800A9DA14 /* ParseUI.framework */; };
		A1A2B0281AE8D79B00A9DA14 /* AudioToolbox.framework in Frameworks */ = {isa = PBXBuildFile; fileRef = A1A2B0151AE8D75800A9DA14 /* AudioToolbox.framework */; };
		A1A2B0291AE8D79D00A9DA14 /* CFNetwork.framework in Frameworks */ = {isa = PBXBuildFile; fileRef = A1A2B0161AE8D75800A9DA14 /* CFNetwork.framework */; };
		A1A2B02A1AE8D7A300A9DA14 /* CoreGraphics.framework in Frameworks */ = {isa = PBXBuildFile; fileRef = A1A2B0171AE8D75800A9DA14 /* CoreGraphics.framework */; };
		A1A2B02B1AE8D7A500A9DA14 /* CoreLocation.framework in Frameworks */ = {isa = PBXBuildFile; fileRef = A1A2B0181AE8D75800A9DA14 /* CoreLocation.framework */; };
		A1A2B02C1AE8D7A800A9DA14 /* MobileCoreServices.framework in Frameworks */ = {isa = PBXBuildFile; fileRef = A1A2B0191AE8D75800A9DA14 /* MobileCoreServices.framework */; };
		A1A2B02D1AE8D7AA00A9DA14 /* QuartzCore.framework in Frameworks */ = {isa = PBXBuildFile; fileRef = A1A2B01A1AE8D75800A9DA14 /* QuartzCore.framework */; };
		A1A2B02E1AE8D7AC00A9DA14 /* Security.framework in Frameworks */ = {isa = PBXBuildFile; fileRef = A1A2B01B1AE8D75800A9DA14 /* Security.framework */; };
		A1A2B02F1AE8D7AE00A9DA14 /* StoreKit.framework in Frameworks */ = {isa = PBXBuildFile; fileRef = A1A2B01C1AE8D75800A9DA14 /* StoreKit.framework */; };
		A1A2B0301AE8D7B000A9DA14 /* SystemConfiguration.framework in Frameworks */ = {isa = PBXBuildFile; fileRef = A1A2B01D1AE8D75800A9DA14 /* SystemConfiguration.framework */; };
		A1A2B0351AE8D7E500A9DA14 /* libsqlite3.dylib in Frameworks */ = {isa = PBXBuildFile; fileRef = A1A2B0331AE8D7CF00A9DA14 /* libsqlite3.dylib */; };
		A1A2B0361AE8D7E700A9DA14 /* libz.dylib in Frameworks */ = {isa = PBXBuildFile; fileRef = A1A2B0311AE8D7C500A9DA14 /* libz.dylib */; };
		A1D01A081AE7CAD300DFD00D /* Process_RunCell.m in Sources */ = {isa = PBXBuildFile; fileRef = A1D01A071AE7CAD300DFD00D /* Process_RunCell.m */; };
/* End PBXBuildFile section */

/* Begin PBXContainerItemProxy section */
		04461CBE1AD3913700CBC80A /* PBXContainerItemProxy */ = {
			isa = PBXContainerItemProxy;
			containerPortal = 04461C9C1AD3913700CBC80A /* Project object */;
			proxyType = 1;
			remoteGlobalIDString = 04461CA31AD3913700CBC80A;
			remoteInfo = MachineRunTracking;
		};
/* End PBXContainerItemProxy section */

/* Begin PBXFileReference section */
		0415DEB61AD3ECD9001EF623 /* User.h */ = {isa = PBXFileReference; fileEncoding = 4; lastKnownFileType = sourcecode.c.h; path = User.h; sourceTree = "<group>"; };
		0415DEB71AD3ECD9001EF623 /* User.m */ = {isa = PBXFileReference; fileEncoding = 4; lastKnownFileType = sourcecode.c.objc; path = User.m; sourceTree = "<group>"; };
		042A8AE21AD7D6E60065816D /* MachineLIst.h */ = {isa = PBXFileReference; fileEncoding = 4; lastKnownFileType = sourcecode.c.h; path = MachineLIst.h; sourceTree = "<group>"; };
		042A8AE31AD7D6E60065816D /* MachineLIst.m */ = {isa = PBXFileReference; fileEncoding = 4; lastKnownFileType = sourcecode.c.objc; path = MachineLIst.m; sourceTree = "<group>"; };
		042A8AE51AD7D70F0065816D /* AddNewMachine.h */ = {isa = PBXFileReference; fileEncoding = 4; lastKnownFileType = sourcecode.c.h; path = AddNewMachine.h; sourceTree = "<group>"; };
		042A8AE61AD7D70F0065816D /* AddNewMachine.m */ = {isa = PBXFileReference; fileEncoding = 4; lastKnownFileType = sourcecode.c.objc; path = AddNewMachine.m; sourceTree = "<group>"; };
		042A8AE81AD7D72A0065816D /* MachineDetails.h */ = {isa = PBXFileReference; fileEncoding = 4; lastKnownFileType = sourcecode.c.h; path = MachineDetails.h; sourceTree = "<group>"; };
		042A8AE91AD7D72A0065816D /* MachineDetails.m */ = {isa = PBXFileReference; fileEncoding = 4; lastKnownFileType = sourcecode.c.objc; path = MachineDetails.m; sourceTree = "<group>"; };
		042A8AEB1AD7D88F0065816D /* MachineListCell.h */ = {isa = PBXFileReference; fileEncoding = 4; lastKnownFileType = sourcecode.c.h; path = MachineListCell.h; sourceTree = "<group>"; };
		042A8AEC1AD7D88F0065816D /* MachineListCell.m */ = {isa = PBXFileReference; fileEncoding = 4; lastKnownFileType = sourcecode.c.objc; path = MachineListCell.m; sourceTree = "<group>"; };
		044068F51ADE380800F2FF6F /* SegmentedLocationVC.h */ = {isa = PBXFileReference; fileEncoding = 4; lastKnownFileType = sourcecode.c.h; path = SegmentedLocationVC.h; sourceTree = "<group>"; };
		044068F61ADE380800F2FF6F /* SegmentedLocationVC.m */ = {isa = PBXFileReference; fileEncoding = 4; lastKnownFileType = sourcecode.c.objc; path = SegmentedLocationVC.m; sourceTree = "<group>"; };
		044068FC1ADE7DC200F2FF6F /* ContainerViewController.h */ = {isa = PBXFileReference; fileEncoding = 4; lastKnownFileType = sourcecode.c.h; path = ContainerViewController.h; sourceTree = "<group>"; };
		044068FD1ADE7DC200F2FF6F /* ContainerViewController.m */ = {isa = PBXFileReference; fileEncoding = 4; lastKnownFileType = sourcecode.c.objc; path = ContainerViewController.m; sourceTree = "<group>"; };
		044068FF1ADE83C400F2FF6F /* EmptySegue.h */ = {isa = PBXFileReference; fileEncoding = 4; lastKnownFileType = sourcecode.c.h; path = EmptySegue.h; sourceTree = "<group>"; };
		044069001ADE83C400F2FF6F /* EmptySegue.m */ = {isa = PBXFileReference; fileEncoding = 4; lastKnownFileType = sourcecode.c.objc; path = EmptySegue.m; sourceTree = "<group>"; };
		0445C60F1ADD2FEA001434B3 /* AddTransaction_PreCell.h */ = {isa = PBXFileReference; fileEncoding = 4; lastKnownFileType = sourcecode.c.h; path = AddTransaction_PreCell.h; sourceTree = "<group>"; };
		0445C6101ADD2FEA001434B3 /* AddTransaction_PreCell.m */ = {isa = PBXFileReference; fileEncoding = 4; lastKnownFileType = sourcecode.c.objc; path = AddTransaction_PreCell.m; sourceTree = "<group>"; };
		04461CA41AD3913700CBC80A /* MachineRunTracking.app */ = {isa = PBXFileReference; explicitFileType = wrapper.application; includeInIndex = 0; path = MachineRunTracking.app; sourceTree = BUILT_PRODUCTS_DIR; };
		04461CA81AD3913700CBC80A /* Info.plist */ = {isa = PBXFileReference; lastKnownFileType = text.plist.xml; path = Info.plist; sourceTree = "<group>"; };
		04461CA91AD3913700CBC80A /* main.m */ = {isa = PBXFileReference; lastKnownFileType = sourcecode.c.objc; path = main.m; sourceTree = "<group>"; };
		04461CAB1AD3913700CBC80A /* AppDelegate.h */ = {isa = PBXFileReference; lastKnownFileType = sourcecode.c.h; path = AppDelegate.h; sourceTree = "<group>"; };
		04461CAC1AD3913700CBC80A /* AppDelegate.m */ = {isa = PBXFileReference; lastKnownFileType = sourcecode.c.objc; path = AppDelegate.m; sourceTree = "<group>"; };
		04461CAE1AD3913700CBC80A /* ViewController.h */ = {isa = PBXFileReference; lastKnownFileType = sourcecode.c.h; path = ViewController.h; sourceTree = "<group>"; };
		04461CAF1AD3913700CBC80A /* ViewController.m */ = {isa = PBXFileReference; lastKnownFileType = sourcecode.c.objc; path = ViewController.m; sourceTree = "<group>"; };
		04461CB21AD3913700CBC80A /* Base */ = {isa = PBXFileReference; lastKnownFileType = file.storyboard; name = Base; path = Base.lproj/Main.storyboard; sourceTree = "<group>"; };
		04461CB41AD3913700CBC80A /* Images.xcassets */ = {isa = PBXFileReference; lastKnownFileType = folder.assetcatalog; path = Images.xcassets; sourceTree = "<group>"; };
		04461CB71AD3913700CBC80A /* Base */ = {isa = PBXFileReference; lastKnownFileType = file.xib; name = Base; path = Base.lproj/LaunchScreen.xib; sourceTree = "<group>"; };
		04461CBD1AD3913700CBC80A /* MachineRunTrackingTests.xctest */ = {isa = PBXFileReference; explicitFileType = wrapper.cfbundle; includeInIndex = 0; path = MachineRunTrackingTests.xctest; sourceTree = BUILT_PRODUCTS_DIR; };
		04461CC21AD3913700CBC80A /* Info.plist */ = {isa = PBXFileReference; lastKnownFileType = text.plist.xml; path = Info.plist; sourceTree = "<group>"; };
		04461CC31AD3913700CBC80A /* MachineRunTrackingTests.m */ = {isa = PBXFileReference; lastKnownFileType = sourcecode.c.objc; path = MachineRunTrackingTests.m; sourceTree = "<group>"; };
		04461CE71AD3A8F100CBC80A /* UserDetails.h */ = {isa = PBXFileReference; fileEncoding = 4; lastKnownFileType = sourcecode.c.h; path = UserDetails.h; sourceTree = "<group>"; };
		04461CE81AD3A8F100CBC80A /* UserDetails.m */ = {isa = PBXFileReference; fileEncoding = 4; lastKnownFileType = sourcecode.c.objc; path = UserDetails.m; sourceTree = "<group>"; };
		04461CED1AD3A97B00CBC80A /* AddUser.h */ = {isa = PBXFileReference; fileEncoding = 4; lastKnownFileType = sourcecode.c.h; path = AddUser.h; sourceTree = "<group>"; };
		04461CEE1AD3A97B00CBC80A /* AddUser.m */ = {isa = PBXFileReference; fileEncoding = 4; lastKnownFileType = sourcecode.c.objc; path = AddUser.m; sourceTree = "<group>"; };
		04461CF01AD3A9C500CBC80A /* UserList.h */ = {isa = PBXFileReference; fileEncoding = 4; lastKnownFileType = sourcecode.c.h; path = UserList.h; sourceTree = "<group>"; };
		04461CF11AD3A9C500CBC80A /* UserList.m */ = {isa = PBXFileReference; fileEncoding = 4; lastKnownFileType = sourcecode.c.objc; path = UserList.m; sourceTree = "<group>"; };
		04461D161AD3AEB100CBC80A /* MainMenu.h */ = {isa = PBXFileReference; fileEncoding = 4; lastKnownFileType = sourcecode.c.h; path = MainMenu.h; sourceTree = "<group>"; };
		04461D171AD3AEB100CBC80A /* MainMenu.m */ = {isa = PBXFileReference; fileEncoding = 4; lastKnownFileType = sourcecode.c.objc; path = MainMenu.m; sourceTree = "<group>"; };
		04461D1A1AD3B1EF00CBC80A /* UserListCell.h */ = {isa = PBXFileReference; fileEncoding = 4; lastKnownFileType = sourcecode.c.h; path = UserListCell.h; sourceTree = "<group>"; };
		04461D1B1AD3B1EF00CBC80A /* UserListCell.m */ = {isa = PBXFileReference; fileEncoding = 4; lastKnownFileType = sourcecode.c.objc; path = UserListCell.m; sourceTree = "<group>"; };
		044DC1841ADB822A002578C2 /* ParameterList.h */ = {isa = PBXFileReference; fileEncoding = 4; lastKnownFileType = sourcecode.c.h; path = ParameterList.h; sourceTree = "<group>"; };
		044DC1851ADB822A002578C2 /* ParameterList.m */ = {isa = PBXFileReference; fileEncoding = 4; lastKnownFileType = sourcecode.c.objc; path = ParameterList.m; sourceTree = "<group>"; };
		044DC1881ADB8276002578C2 /* ParameterListCell.h */ = {isa = PBXFileReference; fileEncoding = 4; lastKnownFileType = sourcecode.c.h; path = ParameterListCell.h; sourceTree = "<group>"; };
		044DC1891ADB8276002578C2 /* ParameterListCell.m */ = {isa = PBXFileReference; fileEncoding = 4; lastKnownFileType = sourcecode.c.objc; path = ParameterListCell.m; sourceTree = "<group>"; };
		044DC18C1ADB82A6002578C2 /* addNewParameter.h */ = {isa = PBXFileReference; fileEncoding = 4; lastKnownFileType = sourcecode.c.h; path = addNewParameter.h; sourceTree = "<group>"; };
		044DC18D1ADB82A6002578C2 /* addNewParameter.m */ = {isa = PBXFileReference; fileEncoding = 4; lastKnownFileType = sourcecode.c.objc; path = addNewParameter.m; sourceTree = "<group>"; };
		044DC1901ADB82CF002578C2 /* parameterDetails.h */ = {isa = PBXFileReference; fileEncoding = 4; lastKnownFileType = sourcecode.c.h; path = parameterDetails.h; sourceTree = "<group>"; };
		044DC1911ADB82CF002578C2 /* parameterDetails.m */ = {isa = PBXFileReference; fileEncoding = 4; lastKnownFileType = sourcecode.c.objc; path = parameterDetails.m; sourceTree = "<group>"; };
		044DC1971ADBCD35002578C2 /* TransactionList.h */ = {isa = PBXFileReference; fileEncoding = 4; lastKnownFileType = sourcecode.c.h; path = TransactionList.h; sourceTree = "<group>"; };
		044DC1981ADBCD35002578C2 /* TransactionList.m */ = {isa = PBXFileReference; fileEncoding = 4; lastKnownFileType = sourcecode.c.objc; path = TransactionList.m; sourceTree = "<group>"; };
		044DC19A1ADBCD57002578C2 /* TransactionListCell.h */ = {isa = PBXFileReference; fileEncoding = 4; lastKnownFileType = sourcecode.c.h; path = TransactionListCell.h; sourceTree = "<group>"; };
		044DC19B1ADBCD57002578C2 /* TransactionListCell.m */ = {isa = PBXFileReference; fileEncoding = 4; lastKnownFileType = sourcecode.c.objc; path = TransactionListCell.m; sourceTree = "<group>"; };
		044DC19D1ADBCD92002578C2 /* AddTransaction_Basic.h */ = {isa = PBXFileReference; fileEncoding = 4; lastKnownFileType = sourcecode.c.h; path = AddTransaction_Basic.h; sourceTree = "<group>"; };
		044DC19E1ADBCD92002578C2 /* AddTransaction_Basic.m */ = {isa = PBXFileReference; fileEncoding = 4; lastKnownFileType = sourcecode.c.objc; path = AddTransaction_Basic.m; sourceTree = "<group>"; };
		044DC1A31ADBCE10002578C2 /* AddTransaction_Pre.h */ = {isa = PBXFileReference; fileEncoding = 4; lastKnownFileType = sourcecode.c.h; path = AddTransaction_Pre.h; sourceTree = "<group>"; };
		044DC1A41ADBCE10002578C2 /* AddTransaction_Pre.m */ = {isa = PBXFileReference; fileEncoding = 4; lastKnownFileType = sourcecode.c.objc; path = AddTransaction_Pre.m; sourceTree = "<group>"; };
		044DC1A61ADBCE31002578C2 /* AddTransaction_Run.h */ = {isa = PBXFileReference; fileEncoding = 4; lastKnownFileType = sourcecode.c.h; path = AddTransaction_Run.h; sourceTree = "<group>"; };
		044DC1A71ADBCE31002578C2 /* AddTransaction_Run.m */ = {isa = PBXFileReference; fileEncoding = 4; lastKnownFileType = sourcecode.c.objc; path = AddTransaction_Run.m; sourceTree = "<group>"; };
		044DC1A91ADBCE49002578C2 /* AddTransaction_Post.h */ = {isa = PBXFileReference; fileEncoding = 4; lastKnownFileType = sourcecode.c.h; path = AddTransaction_Post.h; sourceTree = "<group>"; };
		044DC1AA1ADBCE49002578C2 /* AddTransaction_Post.m */ = {isa = PBXFileReference; fileEncoding = 4; lastKnownFileType = sourcecode.c.objc; path = AddTransaction_Post.m; sourceTree = "<group>"; };
		044DC1AC1ADBCE7B002578C2 /* DetailsTransaction_Pre.h */ = {isa = PBXFileReference; fileEncoding = 4; lastKnownFileType = sourcecode.c.h; path = DetailsTransaction_Pre.h; sourceTree = "<group>"; };
		044DC1AD1ADBCE7B002578C2 /* DetailsTransaction_Pre.m */ = {isa = PBXFileReference; fileEncoding = 4; lastKnownFileType = sourcecode.c.objc; path = DetailsTransaction_Pre.m; sourceTree = "<group>"; };
		044DC1AF1ADBCE93002578C2 /* DetailsTransaction_Run.h */ = {isa = PBXFileReference; fileEncoding = 4; lastKnownFileType = sourcecode.c.h; path = DetailsTransaction_Run.h; sourceTree = "<group>"; };
		044DC1B01ADBCE93002578C2 /* DetailsTransaction_Run.m */ = {isa = PBXFileReference; fileEncoding = 4; lastKnownFileType = sourcecode.c.objc; path = DetailsTransaction_Run.m; sourceTree = "<group>"; };
		044DC1B21ADBCEAF002578C2 /* DetailsTransaction_Post.h */ = {isa = PBXFileReference; fileEncoding = 4; lastKnownFileType = sourcecode.c.h; path = DetailsTransaction_Post.h; sourceTree = "<group>"; };
		044DC1B31ADBCEAF002578C2 /* DetailsTransaction_Post.m */ = {isa = PBXFileReference; fileEncoding = 4; lastKnownFileType = sourcecode.c.objc; path = DetailsTransaction_Post.m; sourceTree = "<group>"; };
		A1A2B0091AE8D61900A9DA14 /* UIKit.framework */ = {isa = PBXFileReference; lastKnownFileType = wrapper.framework; name = UIKit.framework; path = System/Library/Frameworks/UIKit.framework; sourceTree = SDKROOT; };
		A1A2B00B1AE8D62300A9DA14 /* Foundation.framework */ = {isa = PBXFileReference; lastKnownFileType = wrapper.framework; name = Foundation.framework; path = System/Library/Frameworks/Foundation.framework; sourceTree = SDKROOT; };
		A1A2B00F1AE8D67800A9DA14 /* Bolts.framework */ = {isa = PBXFileReference; lastKnownFileType = wrapper.framework; path = Bolts.framework; sourceTree = "<group>"; };
		A1A2B0101AE8D67800A9DA14 /* Parse.framework */ = {isa = PBXFileReference; lastKnownFileType = wrapper.framework; path = Parse.framework; sourceTree = "<group>"; };
		A1A2B0111AE8D67800A9DA14 /* ParseUI.framework */ = {isa = PBXFileReference; lastKnownFileType = wrapper.framework; path = ParseUI.framework; sourceTree = "<group>"; };
		A1A2B0151AE8D75800A9DA14 /* AudioToolbox.framework */ = {isa = PBXFileReference; lastKnownFileType = wrapper.framework; name = AudioToolbox.framework; path = System/Library/Frameworks/AudioToolbox.framework; sourceTree = SDKROOT; };
		A1A2B0161AE8D75800A9DA14 /* CFNetwork.framework */ = {isa = PBXFileReference; lastKnownFileType = wrapper.framework; name = CFNetwork.framework; path = System/Library/Frameworks/CFNetwork.framework; sourceTree = SDKROOT; };
		A1A2B0171AE8D75800A9DA14 /* CoreGraphics.framework */ = {isa = PBXFileReference; lastKnownFileType = wrapper.framework; name = CoreGraphics.framework; path = System/Library/Frameworks/CoreGraphics.framework; sourceTree = SDKROOT; };
		A1A2B0181AE8D75800A9DA14 /* CoreLocation.framework */ = {isa = PBXFileReference; lastKnownFileType = wrapper.framework; name = CoreLocation.framework; path = System/Library/Frameworks/CoreLocation.framework; sourceTree = SDKROOT; };
		A1A2B0191AE8D75800A9DA14 /* MobileCoreServices.framework */ = {isa = PBXFileReference; lastKnownFileType = wrapper.framework; name = MobileCoreServices.framework; path = System/Library/Frameworks/MobileCoreServices.framework; sourceTree = SDKROOT; };
		A1A2B01A1AE8D75800A9DA14 /* QuartzCore.framework */ = {isa = PBXFileReference; lastKnownFileType = wrapper.framework; name = QuartzCore.framework; path = System/Library/Frameworks/QuartzCore.framework; sourceTree = SDKROOT; };
		A1A2B01B1AE8D75800A9DA14 /* Security.framework */ = {isa = PBXFileReference; lastKnownFileType = wrapper.framework; name = Security.framework; path = System/Library/Frameworks/Security.framework; sourceTree = SDKROOT; };
		A1A2B01C1AE8D75800A9DA14 /* StoreKit.framework */ = {isa = PBXFileReference; lastKnownFileType = wrapper.framework; name = StoreKit.framework; path = System/Library/Frameworks/StoreKit.framework; sourceTree = SDKROOT; };
		A1A2B01D1AE8D75800A9DA14 /* SystemConfiguration.framework */ = {isa = PBXFileReference; lastKnownFileType = wrapper.framework; name = SystemConfiguration.framework; path = System/Library/Frameworks/SystemConfiguration.framework; sourceTree = SDKROOT; };
		A1A2B0311AE8D7C500A9DA14 /* libz.dylib */ = {isa = PBXFileReference; lastKnownFileType = "compiled.mach-o.dylib"; name = libz.dylib; path = usr/lib/libz.dylib; sourceTree = SDKROOT; };
		A1A2B0331AE8D7CF00A9DA14 /* libsqlite3.dylib */ = {isa = PBXFileReference; lastKnownFileType = "compiled.mach-o.dylib"; name = libsqlite3.dylib; path = usr/lib/libsqlite3.dylib; sourceTree = SDKROOT; };
		A1D01A061AE7CAD300DFD00D /* Process_RunCell.h */ = {isa = PBXFileReference; fileEncoding = 4; lastKnownFileType = sourcecode.c.h; path = Process_RunCell.h; sourceTree = "<group>"; };
		A1D01A071AE7CAD300DFD00D /* Process_RunCell.m */ = {isa = PBXFileReference; fileEncoding = 4; lastKnownFileType = sourcecode.c.objc; path = Process_RunCell.m; sourceTree = "<group>"; };
/* End PBXFileReference section */

/* Begin PBXFrameworksBuildPhase section */
		04461CA11AD3913700CBC80A /* Frameworks */ = {
			isa = PBXFrameworksBuildPhase;
			buildActionMask = 2147483647;
			files = (
				A1A2B0121AE8D67800A9DA14 /* Bolts.framework in Frameworks */,
				A1A2B0281AE8D79B00A9DA14 /* AudioToolbox.framework in Frameworks */,
				A1A2B0291AE8D79D00A9DA14 /* CFNetwork.framework in Frameworks */,
				A1A2B02A1AE8D7A300A9DA14 /* CoreGraphics.framework in Frameworks */,
				A1A2B0351AE8D7E500A9DA14 /* libsqlite3.dylib in Frameworks */,
				A1A2B0361AE8D7E700A9DA14 /* libz.dylib in Frameworks */,
				A1A2B02B1AE8D7A500A9DA14 /* CoreLocation.framework in Frameworks */,
				A1A2B02C1AE8D7A800A9DA14 /* MobileCoreServices.framework in Frameworks */,
				A1A2B02D1AE8D7AA00A9DA14 /* QuartzCore.framework in Frameworks */,
				A1A2B00D1AE8D65500A9DA14 /* Foundation.framework in Frameworks */,
				A1A2B02E1AE8D7AC00A9DA14 /* Security.framework in Frameworks */,
				A1A2B02F1AE8D7AE00A9DA14 /* StoreKit.framework in Frameworks */,
				A1A2B0301AE8D7B000A9DA14 /* SystemConfiguration.framework in Frameworks */,
				A1A2B0141AE8D67800A9DA14 /* ParseUI.framework in Frameworks */,
				A1A2B0131AE8D67800A9DA14 /* Parse.framework in Frameworks */,
				A1A2B00E1AE8D65700A9DA14 /* UIKit.framework in Frameworks */,
			);
			runOnlyForDeploymentPostprocessing = 0;
		};
		04461CBA1AD3913700CBC80A /* Frameworks */ = {
			isa = PBXFrameworksBuildPhase;
			buildActionMask = 2147483647;
			files = (
			);
			runOnlyForDeploymentPostprocessing = 0;
		};
/* End PBXFrameworksBuildPhase section */

/* Begin PBXGroup section */
		042A8ADB1AD7D54E0065816D /* Manage Machine */ = {
			isa = PBXGroup;
			children = (
				042A8ADE1AD7D5860065816D /* Machine Details */,
				042A8ADD1AD7D5740065816D /* Add New Machine */,
				042A8ADC1AD7D5680065816D /* Machine List */,
			);
			name = "Manage Machine";
			sourceTree = "<group>";
		};
		042A8ADC1AD7D5680065816D /* Machine List */ = {
			isa = PBXGroup;
			children = (
				042A8AE21AD7D6E60065816D /* MachineLIst.h */,
				042A8AE31AD7D6E60065816D /* MachineLIst.m */,
				042A8AEB1AD7D88F0065816D /* MachineListCell.h */,
				042A8AEC1AD7D88F0065816D /* MachineListCell.m */,
			);
			name = "Machine List";
			sourceTree = "<group>";
		};
		042A8ADD1AD7D5740065816D /* Add New Machine */ = {
			isa = PBXGroup;
			children = (
				042A8AE51AD7D70F0065816D /* AddNewMachine.h */,
				042A8AE61AD7D70F0065816D /* AddNewMachine.m */,
			);
			name = "Add New Machine";
			sourceTree = "<group>";
		};
		042A8ADE1AD7D5860065816D /* Machine Details */ = {
			isa = PBXGroup;
			children = (
				042A8AE81AD7D72A0065816D /* MachineDetails.h */,
				042A8AE91AD7D72A0065816D /* MachineDetails.m */,
			);
			name = "Machine Details";
			sourceTree = "<group>";
		};
		044069021ADE89A100F2FF6F /* Segment Control */ = {
			isa = PBXGroup;
			children = (
				044068F51ADE380800F2FF6F /* SegmentedLocationVC.h */,
				044068F61ADE380800F2FF6F /* SegmentedLocationVC.m */,
				044068FC1ADE7DC200F2FF6F /* ContainerViewController.h */,
				044068FD1ADE7DC200F2FF6F /* ContainerViewController.m */,
				044068FF1ADE83C400F2FF6F /* EmptySegue.h */,
				044069001ADE83C400F2FF6F /* EmptySegue.m */,
			);
			name = "Segment Control";
			sourceTree = "<group>";
		};
		04461C9B1AD3913700CBC80A = {
			isa = PBXGroup;
			children = (
				04461CA61AD3913700CBC80A /* MachineRunTracking */,
				04461CC01AD3913700CBC80A /* MachineRunTrackingTests */,
				04461CA51AD3913700CBC80A /* Products */,
			);
			sourceTree = "<group>";
		};
		04461CA51AD3913700CBC80A /* Products */ = {
			isa = PBXGroup;
			children = (
				04461CA41AD3913700CBC80A /* MachineRunTracking.app */,
				04461CBD1AD3913700CBC80A /* MachineRunTrackingTests.xctest */,
			);
			name = Products;
			sourceTree = "<group>";
		};
		04461CA61AD3913700CBC80A /* MachineRunTracking */ = {
			isa = PBXGroup;
			children = (
				044DC1931ADBCC9E002578C2 /* Manage Transactions */,
				044DC1831ADB81C0002578C2 /* Parameter */,
				042A8ADB1AD7D54E0065816D /* Manage Machine */,
				04461D191AD3AEBA00CBC80A /* Main Menu */,
				04461D121AD3ADAF00CBC80A /* User Information */,
				04461CE61AD3A42F00CBC80A /* Login */,
				04461CE41AD3A3FA00CBC80A /* User Interface */,
				04461CCF1AD3A2A700CBC80A /* Frameworks */,
				04461CA71AD3913700CBC80A /* Supporting Files */,
			);
			path = MachineRunTracking;
			sourceTree = "<group>";
		};
		04461CA71AD3913700CBC80A /* Supporting Files */ = {
			isa = PBXGroup;
			children = (
				04461CA81AD3913700CBC80A /* Info.plist */,
				04461CA91AD3913700CBC80A /* main.m */,
			);
			name = "Supporting Files";
			sourceTree = "<group>";
		};
		04461CC01AD3913700CBC80A /* MachineRunTrackingTests */ = {
			isa = PBXGroup;
			children = (
				04461CC31AD3913700CBC80A /* MachineRunTrackingTests.m */,
				04461CC11AD3913700CBC80A /* Supporting Files */,
			);
			path = MachineRunTrackingTests;
			sourceTree = "<group>";
		};
		04461CC11AD3913700CBC80A /* Supporting Files */ = {
			isa = PBXGroup;
			children = (
				04461CC21AD3913700CBC80A /* Info.plist */,
			);
			name = "Supporting Files";
			sourceTree = "<group>";
		};
		04461CCF1AD3A2A700CBC80A /* Frameworks */ = {
			isa = PBXGroup;
			children = (
				A1A2B0331AE8D7CF00A9DA14 /* libsqlite3.dylib */,
				A1A2B0311AE8D7C500A9DA14 /* libz.dylib */,
				A1A2B0151AE8D75800A9DA14 /* AudioToolbox.framework */,
				A1A2B0161AE8D75800A9DA14 /* CFNetwork.framework */,
				A1A2B0171AE8D75800A9DA14 /* CoreGraphics.framework */,
				A1A2B0181AE8D75800A9DA14 /* CoreLocation.framework */,
				A1A2B0191AE8D75800A9DA14 /* MobileCoreServices.framework */,
				A1A2B01A1AE8D75800A9DA14 /* QuartzCore.framework */,
				A1A2B01B1AE8D75800A9DA14 /* Security.framework */,
				A1A2B01C1AE8D75800A9DA14 /* StoreKit.framework */,
				A1A2B01D1AE8D75800A9DA14 /* SystemConfiguration.framework */,
				A1A2B00F1AE8D67800A9DA14 /* Bolts.framework */,
				A1A2B0101AE8D67800A9DA14 /* Parse.framework */,
				A1A2B0111AE8D67800A9DA14 /* ParseUI.framework */,
				A1A2B00B1AE8D62300A9DA14 /* Foundation.framework */,
				A1A2B0091AE8D61900A9DA14 /* UIKit.framework */,
			);
			name = Frameworks;
			sourceTree = "<group>";
		};
		04461CE41AD3A3FA00CBC80A /* User Interface */ = {
			isa = PBXGroup;
			children = (
				04461CB11AD3913700CBC80A /* Main.storyboard */,
				04461CB41AD3913700CBC80A /* Images.xcassets */,
				04461CB61AD3913700CBC80A /* LaunchScreen.xib */,
			);
			name = "User Interface";
			sourceTree = "<group>";
		};
		04461CE61AD3A42F00CBC80A /* Login */ = {
			isa = PBXGroup;
			children = (
				04461CAB1AD3913700CBC80A /* AppDelegate.h */,
				04461CAC1AD3913700CBC80A /* AppDelegate.m */,
				04461CAE1AD3913700CBC80A /* ViewController.h */,
				04461CAF1AD3913700CBC80A /* ViewController.m */,
			);
			name = Login;
			sourceTree = "<group>";
		};
		04461D121AD3ADAF00CBC80A /* User Information */ = {
			isa = PBXGroup;
			children = (
				04461D151AD3AE0100CBC80A /* Show User List */,
				04461D141AD3ADEF00CBC80A /* Add New User */,
				04461D131AD3ADCC00CBC80A /* User Detail Information */,
				0415DEB61AD3ECD9001EF623 /* User.h */,
				0415DEB71AD3ECD9001EF623 /* User.m */,
			);
			name = "User Information";
			sourceTree = "<group>";
		};
		04461D131AD3ADCC00CBC80A /* User Detail Information */ = {
			isa = PBXGroup;
			children = (
				04461CE71AD3A8F100CBC80A /* UserDetails.h */,
				04461CE81AD3A8F100CBC80A /* UserDetails.m */,
			);
			name = "User Detail Information";
			sourceTree = "<group>";
		};
		04461D141AD3ADEF00CBC80A /* Add New User */ = {
			isa = PBXGroup;
			children = (
				04461CED1AD3A97B00CBC80A /* AddUser.h */,
				04461CEE1AD3A97B00CBC80A /* AddUser.m */,
			);
			name = "Add New User";
			sourceTree = "<group>";
		};
		04461D151AD3AE0100CBC80A /* Show User List */ = {
			isa = PBXGroup;
			children = (
				04461CF01AD3A9C500CBC80A /* UserList.h */,
				04461CF11AD3A9C500CBC80A /* UserList.m */,
				04461D1A1AD3B1EF00CBC80A /* UserListCell.h */,
				04461D1B1AD3B1EF00CBC80A /* UserListCell.m */,
			);
			name = "Show User List";
			sourceTree = "<group>";
		};
		04461D191AD3AEBA00CBC80A /* Main Menu */ = {
			isa = PBXGroup;
			children = (
				04461D161AD3AEB100CBC80A /* MainMenu.h */,
				04461D171AD3AEB100CBC80A /* MainMenu.m */,
			);
			name = "Main Menu";
			sourceTree = "<group>";
		};
		044DC1831ADB81C0002578C2 /* Parameter */ = {
			isa = PBXGroup;
			children = (
				044DC18F1ADB82AD002578C2 /* Parameter Details */,
				044DC18B1ADB827B002578C2 /* Add New Parameter */,
				044DC1871ADB8232002578C2 /* Parameter List */,
			);
			name = Parameter;
			sourceTree = "<group>";
		};
		044DC1871ADB8232002578C2 /* Parameter List */ = {
			isa = PBXGroup;
			children = (
				044DC1841ADB822A002578C2 /* ParameterList.h */,
				044DC1851ADB822A002578C2 /* ParameterList.m */,
				044DC1881ADB8276002578C2 /* ParameterListCell.h */,
				044DC1891ADB8276002578C2 /* ParameterListCell.m */,
			);
			name = "Parameter List";
			sourceTree = "<group>";
		};
		044DC18B1ADB827B002578C2 /* Add New Parameter */ = {
			isa = PBXGroup;
			children = (
				044DC18C1ADB82A6002578C2 /* addNewParameter.h */,
				044DC18D1ADB82A6002578C2 /* addNewParameter.m */,
			);
			name = "Add New Parameter";
			sourceTree = "<group>";
		};
		044DC18F1ADB82AD002578C2 /* Parameter Details */ = {
			isa = PBXGroup;
			children = (
				044DC1901ADB82CF002578C2 /* parameterDetails.h */,
				044DC1911ADB82CF002578C2 /* parameterDetails.m */,
			);
			name = "Parameter Details";
			sourceTree = "<group>";
		};
		044DC1931ADBCC9E002578C2 /* Manage Transactions */ = {
			isa = PBXGroup;
			children = (
				044DC1961ADBCCE1002578C2 /* Transaction Details */,
				044DC1951ADBCCCB002578C2 /* Add Transactions */,
				044DC1941ADBCCB7002578C2 /* Transaction List */,
			);
			name = "Manage Transactions";
			sourceTree = "<group>";
		};
		044DC1941ADBCCB7002578C2 /* Transaction List */ = {
			isa = PBXGroup;
			children = (
				044DC1971ADBCD35002578C2 /* TransactionList.h */,
				044DC1981ADBCD35002578C2 /* TransactionList.m */,
				044DC19A1ADBCD57002578C2 /* TransactionListCell.h */,
				044DC19B1ADBCD57002578C2 /* TransactionListCell.m */,
			);
			name = "Transaction List";
			sourceTree = "<group>";
		};
		044DC1951ADBCCCB002578C2 /* Add Transactions */ = {
			isa = PBXGroup;
			children = (
				044DC1BB1ADBF7BD002578C2 /* Basic */,
				044DC1BA1ADBF792002578C2 /* Pre */,
				044DC1B91ADBF786002578C2 /* Run */,
				044DC1B81ADBF77A002578C2 /* Post */,
				044069021ADE89A100F2FF6F /* Segment Control */,
			);
			name = "Add Transactions";
			sourceTree = "<group>";
		};
		044DC1961ADBCCE1002578C2 /* Transaction Details */ = {
			isa = PBXGroup;
			children = (
				044DC1B51ADBF734002578C2 /* Pre */,
				044DC1B71ADBF75A002578C2 /* Post */,
				044DC1B61ADBF752002578C2 /* Run */,
			);
			name = "Transaction Details";
			sourceTree = "<group>";
		};
		044DC1B51ADBF734002578C2 /* Pre */ = {
			isa = PBXGroup;
			children = (
				044DC1AC1ADBCE7B002578C2 /* DetailsTransaction_Pre.h */,
				044DC1AD1ADBCE7B002578C2 /* DetailsTransaction_Pre.m */,
			);
			name = Pre;
			sourceTree = "<group>";
		};
		044DC1B61ADBF752002578C2 /* Run */ = {
			isa = PBXGroup;
			children = (
				044DC1AF1ADBCE93002578C2 /* DetailsTransaction_Run.h */,
				044DC1B01ADBCE93002578C2 /* DetailsTransaction_Run.m */,
			);
			name = Run;
			sourceTree = "<group>";
		};
		044DC1B71ADBF75A002578C2 /* Post */ = {
			isa = PBXGroup;
			children = (
				044DC1B21ADBCEAF002578C2 /* DetailsTransaction_Post.h */,
				044DC1B31ADBCEAF002578C2 /* DetailsTransaction_Post.m */,
			);
			name = Post;
			sourceTree = "<group>";
		};
		044DC1B81ADBF77A002578C2 /* Post */ = {
			isa = PBXGroup;
			children = (
				044DC1A91ADBCE49002578C2 /* AddTransaction_Post.h */,
				044DC1AA1ADBCE49002578C2 /* AddTransaction_Post.m */,
			);
			name = Post;
			sourceTree = "<group>";
		};
		044DC1B91ADBF786002578C2 /* Run */ = {
			isa = PBXGroup;
			children = (
				A1D01A061AE7CAD300DFD00D /* Process_RunCell.h */,
				A1D01A071AE7CAD300DFD00D /* Process_RunCell.m */,
				044DC1A61ADBCE31002578C2 /* AddTransaction_Run.h */,
				044DC1A71ADBCE31002578C2 /* AddTransaction_Run.m */,
			);
			name = Run;
			sourceTree = "<group>";
		};
		044DC1BA1ADBF792002578C2 /* Pre */ = {
			isa = PBXGroup;
			children = (
				044DC1A31ADBCE10002578C2 /* AddTransaction_Pre.h */,
				044DC1A41ADBCE10002578C2 /* AddTransaction_Pre.m */,
				0445C60F1ADD2FEA001434B3 /* AddTransaction_PreCell.h */,
				0445C6101ADD2FEA001434B3 /* AddTransaction_PreCell.m */,
			);
			name = Pre;
			sourceTree = "<group>";
		};
		044DC1BB1ADBF7BD002578C2 /* Basic */ = {
			isa = PBXGroup;
			children = (
				044DC19D1ADBCD92002578C2 /* AddTransaction_Basic.h */,
				044DC19E1ADBCD92002578C2 /* AddTransaction_Basic.m */,
			);
			name = Basic;
			sourceTree = "<group>";
		};
/* End PBXGroup section */

/* Begin PBXNativeTarget section */
		04461CA31AD3913700CBC80A /* MachineRunTracking */ = {
			isa = PBXNativeTarget;
			buildConfigurationList = 04461CC71AD3913700CBC80A /* Build configuration list for PBXNativeTarget "MachineRunTracking" */;
			buildPhases = (
				04461CA01AD3913700CBC80A /* Sources */,
				04461CA11AD3913700CBC80A /* Frameworks */,
				04461CA21AD3913700CBC80A /* Resources */,
			);
			buildRules = (
			);
			dependencies = (
			);
			name = MachineRunTracking;
			productName = MachineRunTracking;
			productReference = 04461CA41AD3913700CBC80A /* MachineRunTracking.app */;
			productType = "com.apple.product-type.application";
		};
		04461CBC1AD3913700CBC80A /* MachineRunTrackingTests */ = {
			isa = PBXNativeTarget;
			buildConfigurationList = 04461CCA1AD3913700CBC80A /* Build configuration list for PBXNativeTarget "MachineRunTrackingTests" */;
			buildPhases = (
				04461CB91AD3913700CBC80A /* Sources */,
				04461CBA1AD3913700CBC80A /* Frameworks */,
				04461CBB1AD3913700CBC80A /* Resources */,
			);
			buildRules = (
			);
			dependencies = (
				04461CBF1AD3913700CBC80A /* PBXTargetDependency */,
			);
			name = MachineRunTrackingTests;
			productName = MachineRunTrackingTests;
			productReference = 04461CBD1AD3913700CBC80A /* MachineRunTrackingTests.xctest */;
			productType = "com.apple.product-type.bundle.unit-test";
		};
/* End PBXNativeTarget section */

/* Begin PBXProject section */
		04461C9C1AD3913700CBC80A /* Project object */ = {
			isa = PBXProject;
			attributes = {
				LastUpgradeCheck = 0610;
				ORGANIZATIONNAME = "Apero Technologies";
				TargetAttributes = {
					04461CA31AD3913700CBC80A = {
						CreatedOnToolsVersion = 6.1;
					};
					04461CBC1AD3913700CBC80A = {
						CreatedOnToolsVersion = 6.1;
						TestTargetID = 04461CA31AD3913700CBC80A;
					};
				};
			};
			buildConfigurationList = 04461C9F1AD3913700CBC80A /* Build configuration list for PBXProject "MachineRunTracking" */;
			compatibilityVersion = "Xcode 3.2";
			developmentRegion = English;
			hasScannedForEncodings = 0;
			knownRegions = (
				en,
				Base,
			);
			mainGroup = 04461C9B1AD3913700CBC80A;
			productRefGroup = 04461CA51AD3913700CBC80A /* Products */;
			projectDirPath = "";
			projectRoot = "";
			targets = (
				04461CA31AD3913700CBC80A /* MachineRunTracking */,
				04461CBC1AD3913700CBC80A /* MachineRunTrackingTests */,
			);
		};
/* End PBXProject section */

/* Begin PBXResourcesBuildPhase section */
		04461CA21AD3913700CBC80A /* Resources */ = {
			isa = PBXResourcesBuildPhase;
			buildActionMask = 2147483647;
			files = (
				04461CB31AD3913700CBC80A /* Main.storyboard in Resources */,
				04461CB81AD3913700CBC80A /* LaunchScreen.xib in Resources */,
				04461CB51AD3913700CBC80A /* Images.xcassets in Resources */,
			);
			runOnlyForDeploymentPostprocessing = 0;
		};
		04461CBB1AD3913700CBC80A /* Resources */ = {
			isa = PBXResourcesBuildPhase;
			buildActionMask = 2147483647;
			files = (
			);
			runOnlyForDeploymentPostprocessing = 0;
		};
/* End PBXResourcesBuildPhase section */

/* Begin PBXSourcesBuildPhase section */
		04461CA01AD3913700CBC80A /* Sources */ = {
			isa = PBXSourcesBuildPhase;
			buildActionMask = 2147483647;
			files = (
				044DC18E1ADB82A6002578C2 /* addNewParameter.m in Sources */,
				044068FE1ADE7DC200F2FF6F /* ContainerViewController.m in Sources */,
				04461D181AD3AEB100CBC80A /* MainMenu.m in Sources */,
				042A8AED1AD7D88F0065816D /* MachineListCell.m in Sources */,
				0445C6111ADD2FEA001434B3 /* AddTransaction_PreCell.m in Sources */,
				04461CEF1AD3A97B00CBC80A /* AddUser.m in Sources */,
				A1D01A081AE7CAD300DFD00D /* Process_RunCell.m in Sources */,
				044DC1861ADB822A002578C2 /* ParameterList.m in Sources */,
				042A8AEA1AD7D72A0065816D /* MachineDetails.m in Sources */,
				0415DEB81AD3ECD9001EF623 /* User.m in Sources */,
				04461CB01AD3913700CBC80A /* ViewController.m in Sources */,
				044DC1991ADBCD35002578C2 /* TransactionList.m in Sources */,
				044DC19F1ADBCD92002578C2 /* AddTransaction_Basic.m in Sources */,
				04461CF21AD3A9C500CBC80A /* UserList.m in Sources */,
				044DC1B41ADBCEAF002578C2 /* DetailsTransaction_Post.m in Sources */,
				042A8AE41AD7D6E60065816D /* MachineLIst.m in Sources */,
				044068F71ADE380800F2FF6F /* SegmentedLocationVC.m in Sources */,
				044DC19C1ADBCD57002578C2 /* TransactionListCell.m in Sources */,
				044DC1AE1ADBCE7B002578C2 /* DetailsTransaction_Pre.m in Sources */,
				04461D1C1AD3B1EF00CBC80A /* UserListCell.m in Sources */,
				04461CE91AD3A8F100CBC80A /* UserDetails.m in Sources */,
				044DC1921ADB82CF002578C2 /* parameterDetails.m in Sources */,
				044069011ADE83C400F2FF6F /* EmptySegue.m in Sources */,
				042A8AE71AD7D70F0065816D /* AddNewMachine.m in Sources */,
				044DC1AB1ADBCE49002578C2 /* AddTransaction_Post.m in Sources */,
				044DC1A51ADBCE10002578C2 /* AddTransaction_Pre.m in Sources */,
				044DC18A1ADB8276002578C2 /* ParameterListCell.m in Sources */,
				044DC1B11ADBCE93002578C2 /* DetailsTransaction_Run.m in Sources */,
				04461CAD1AD3913700CBC80A /* AppDelegate.m in Sources */,
				044DC1A81ADBCE31002578C2 /* AddTransaction_Run.m in Sources */,
				04461CAA1AD3913700CBC80A /* main.m in Sources */,
			);
			runOnlyForDeploymentPostprocessing = 0;
		};
		04461CB91AD3913700CBC80A /* Sources */ = {
			isa = PBXSourcesBuildPhase;
			buildActionMask = 2147483647;
			files = (
				04461CC41AD3913700CBC80A /* MachineRunTrackingTests.m in Sources */,
			);
			runOnlyForDeploymentPostprocessing = 0;
		};
/* End PBXSourcesBuildPhase section */

/* Begin PBXTargetDependency section */
		04461CBF1AD3913700CBC80A /* PBXTargetDependency */ = {
			isa = PBXTargetDependency;
			target = 04461CA31AD3913700CBC80A /* MachineRunTracking */;
			targetProxy = 04461CBE1AD3913700CBC80A /* PBXContainerItemProxy */;
		};
/* End PBXTargetDependency section */

/* Begin PBXVariantGroup section */
		04461CB11AD3913700CBC80A /* Main.storyboard */ = {
			isa = PBXVariantGroup;
			children = (
				04461CB21AD3913700CBC80A /* Base */,
			);
			name = Main.storyboard;
			sourceTree = "<group>";
		};
		04461CB61AD3913700CBC80A /* LaunchScreen.xib */ = {
			isa = PBXVariantGroup;
			children = (
				04461CB71AD3913700CBC80A /* Base */,
			);
			name = LaunchScreen.xib;
			sourceTree = "<group>";
		};
/* End PBXVariantGroup section */

/* Begin XCBuildConfiguration section */
		04461CC51AD3913700CBC80A /* Debug */ = {
			isa = XCBuildConfiguration;
			buildSettings = {
				ALWAYS_SEARCH_USER_PATHS = NO;
				CLANG_CXX_LANGUAGE_STANDARD = "gnu++0x";
				CLANG_CXX_LIBRARY = "libc++";
				CLANG_ENABLE_MODULES = YES;
				CLANG_ENABLE_OBJC_ARC = YES;
				CLANG_WARN_BOOL_CONVERSION = YES;
				CLANG_WARN_CONSTANT_CONVERSION = YES;
				CLANG_WARN_DIRECT_OBJC_ISA_USAGE = YES_ERROR;
				CLANG_WARN_EMPTY_BODY = YES;
				CLANG_WARN_ENUM_CONVERSION = YES;
				CLANG_WARN_INT_CONVERSION = YES;
				CLANG_WARN_OBJC_ROOT_CLASS = YES_ERROR;
				CLANG_WARN_UNREACHABLE_CODE = YES;
				CLANG_WARN__DUPLICATE_METHOD_MATCH = YES;
				"CODE_SIGN_IDENTITY[sdk=iphoneos*]" = "iPhone Developer";
				COPY_PHASE_STRIP = NO;
				ENABLE_STRICT_OBJC_MSGSEND = YES;
				GCC_C_LANGUAGE_STANDARD = gnu99;
				GCC_DYNAMIC_NO_PIC = NO;
				GCC_OPTIMIZATION_LEVEL = 0;
				GCC_PREPROCESSOR_DEFINITIONS = (
					"DEBUG=1",
					"$(inherited)",
				);
				GCC_SYMBOLS_PRIVATE_EXTERN = NO;
				GCC_WARN_64_TO_32_BIT_CONVERSION = YES;
				GCC_WARN_ABOUT_RETURN_TYPE = YES_ERROR;
				GCC_WARN_UNDECLARED_SELECTOR = YES;
				GCC_WARN_UNINITIALIZED_AUTOS = YES_AGGRESSIVE;
				GCC_WARN_UNUSED_FUNCTION = YES;
				GCC_WARN_UNUSED_VARIABLE = YES;
				IPHONEOS_DEPLOYMENT_TARGET = 8.1;
				MTL_ENABLE_DEBUG_INFO = YES;
				ONLY_ACTIVE_ARCH = YES;
				SDKROOT = iphoneos;
				TARGETED_DEVICE_FAMILY = "1,2";
			};
			name = Debug;
		};
		04461CC61AD3913700CBC80A /* Release */ = {
			isa = XCBuildConfiguration;
			buildSettings = {
				ALWAYS_SEARCH_USER_PATHS = NO;
				CLANG_CXX_LANGUAGE_STANDARD = "gnu++0x";
				CLANG_CXX_LIBRARY = "libc++";
				CLANG_ENABLE_MODULES = YES;
				CLANG_ENABLE_OBJC_ARC = YES;
				CLANG_WARN_BOOL_CONVERSION = YES;
				CLANG_WARN_CONSTANT_CONVERSION = YES;
				CLANG_WARN_DIRECT_OBJC_ISA_USAGE = YES_ERROR;
				CLANG_WARN_EMPTY_BODY = YES;
				CLANG_WARN_ENUM_CONVERSION = YES;
				CLANG_WARN_INT_CONVERSION = YES;
				CLANG_WARN_OBJC_ROOT_CLASS = YES_ERROR;
				CLANG_WARN_UNREACHABLE_CODE = YES;
				CLANG_WARN__DUPLICATE_METHOD_MATCH = YES;
				"CODE_SIGN_IDENTITY[sdk=iphoneos*]" = "iPhone Developer";
				COPY_PHASE_STRIP = YES;
				ENABLE_NS_ASSERTIONS = NO;
				ENABLE_STRICT_OBJC_MSGSEND = YES;
				GCC_C_LANGUAGE_STANDARD = gnu99;
				GCC_WARN_64_TO_32_BIT_CONVERSION = YES;
				GCC_WARN_ABOUT_RETURN_TYPE = YES_ERROR;
				GCC_WARN_UNDECLARED_SELECTOR = YES;
				GCC_WARN_UNINITIALIZED_AUTOS = YES_AGGRESSIVE;
				GCC_WARN_UNUSED_FUNCTION = YES;
				GCC_WARN_UNUSED_VARIABLE = YES;
				IPHONEOS_DEPLOYMENT_TARGET = 8.1;
				MTL_ENABLE_DEBUG_INFO = NO;
				SDKROOT = iphoneos;
				TARGETED_DEVICE_FAMILY = "1,2";
				VALIDATE_PRODUCT = YES;
			};
			name = Release;
		};
		04461CC81AD3913700CBC80A /* Debug */ = {
			isa = XCBuildConfiguration;
			buildSettings = {
				ALWAYS_SEARCH_USER_PATHS = YES;
				ASSETCATALOG_COMPILER_APPICON_NAME = AppIcon;
				FRAMEWORK_SEARCH_PATHS = (
					"$(PROJECT_DIR)",
					"$(PROJECT_DIR)/MachineRunTracking",
				);
				INFOPLIST_FILE = MachineRunTracking/Info.plist;
				IPHONEOS_DEPLOYMENT_TARGET = 7.0;
				LD_RUNPATH_SEARCH_PATHS = "$(inherited) @executable_path/Frameworks";
				PRODUCT_NAME = "$(TARGET_NAME)";
			};
			name = Debug;
		};
		04461CC91AD3913700CBC80A /* Release */ = {
			isa = XCBuildConfiguration;
			buildSettings = {
				ALWAYS_SEARCH_USER_PATHS = YES;
				ASSETCATALOG_COMPILER_APPICON_NAME = AppIcon;
				FRAMEWORK_SEARCH_PATHS = (
					"$(PROJECT_DIR)",
					"$(PROJECT_DIR)/MachineRunTracking",
				);
				INFOPLIST_FILE = MachineRunTracking/Info.plist;
				IPHONEOS_DEPLOYMENT_TARGET = 7.0;
				LD_RUNPATH_SEARCH_PATHS = "$(inherited) @executable_path/Frameworks";
				PRODUCT_NAME = "$(TARGET_NAME)";
			};
			name = Release;
		};
		04461CCB1AD3913700CBC80A /* Debug */ = {
			isa = XCBuildConfiguration;
			buildSettings = {
				BUNDLE_LOADER = "$(TEST_HOST)";
				FRAMEWORK_SEARCH_PATHS = (
					"$(SDKROOT)/Developer/Library/Frameworks",
					"$(inherited)",
				);
				GCC_PREPROCESSOR_DEFINITIONS = (
					"DEBUG=1",
					"$(inherited)",
				);
				INFOPLIST_FILE = MachineRunTrackingTests/Info.plist;
				LD_RUNPATH_SEARCH_PATHS = "$(inherited) @executable_path/Frameworks @loader_path/Frameworks";
				PRODUCT_NAME = "$(TARGET_NAME)";
				TEST_HOST = "$(BUILT_PRODUCTS_DIR)/MachineRunTracking.app/MachineRunTracking";
			};
			name = Debug;
		};
		04461CCC1AD3913700CBC80A /* Release */ = {
			isa = XCBuildConfiguration;
			buildSettings = {
				BUNDLE_LOADER = "$(TEST_HOST)";
				FRAMEWORK_SEARCH_PATHS = (
					"$(SDKROOT)/Developer/Library/Frameworks",
					"$(inherited)",
				);
				INFOPLIST_FILE = MachineRunTrackingTests/Info.plist;
				LD_RUNPATH_SEARCH_PATHS = "$(inherited) @executable_path/Frameworks @loader_path/Frameworks";
				PRODUCT_NAME = "$(TARGET_NAME)";
				TEST_HOST = "$(BUILT_PRODUCTS_DIR)/MachineRunTracking.app/MachineRunTracking";
			};
			name = Release;
		};
/* End XCBuildConfiguration section */

/* Begin XCConfigurationList section */
		04461C9F1AD3913700CBC80A /* Build configuration list for PBXProject "MachineRunTracking" */ = {
			isa = XCConfigurationList;
			buildConfigurations = (
				04461CC51AD3913700CBC80A /* Debug */,
				04461CC61AD3913700CBC80A /* Release */,
			);
			defaultConfigurationIsVisible = 0;
			defaultConfigurationName = Release;
		};
		04461CC71AD3913700CBC80A /* Build configuration list for PBXNativeTarget "MachineRunTracking" */ = {
			isa = XCConfigurationList;
			buildConfigurations = (
				04461CC81AD3913700CBC80A /* Debug */,
				04461CC91AD3913700CBC80A /* Release */,
			);
			defaultConfigurationIsVisible = 0;
			defaultConfigurationName = Release;
		};
		04461CCA1AD3913700CBC80A /* Build configuration list for PBXNativeTarget "MachineRunTrackingTests" */ = {
			isa = XCConfigurationList;
			buildConfigurations = (
				04461CCB1AD3913700CBC80A /* Debug */,
				04461CCC1AD3913700CBC80A /* Release */,
			);
			defaultConfigurationIsVisible = 0;
			defaultConfigurationName = Release;
		};
/* End XCConfigurationList section */
	};
	rootObject = 04461C9C1AD3913700CBC80A /* Project object */;
}
