// !$*UTF8*$!
{
	archiveVersion = 1;
	classes = {
	};
	objectVersion = 46;
	objects = {

/* Begin PBXBuildFile section */
		0415DE951AD3E135001EF623 /* Bolts.framework in Frameworks */ = {isa = PBXBuildFile; fileRef = 0415DE8F1AD3E135001EF623 /* Bolts.framework */; };
		0415DE961AD3E135001EF623 /* Parse.framework in Frameworks */ = {isa = PBXBuildFile; fileRef = 0415DE901AD3E135001EF623 /* Parse.framework */; };
		0415DE971AD3E135001EF623 /* ParseCrashReporting.framework in Frameworks */ = {isa = PBXBuildFile; fileRef = 0415DE911AD3E135001EF623 /* ParseCrashReporting.framework */; };
		0415DE981AD3E135001EF623 /* ParseFacebookUtils.framework in Frameworks */ = {isa = PBXBuildFile; fileRef = 0415DE921AD3E135001EF623 /* ParseFacebookUtils.framework */; };
		0415DE991AD3E135001EF623 /* ParseFacebookUtilsV4.framework in Frameworks */ = {isa = PBXBuildFile; fileRef = 0415DE931AD3E135001EF623 /* ParseFacebookUtilsV4.framework */; };
		0415DE9A1AD3E135001EF623 /* ParseUI.framework in Frameworks */ = {isa = PBXBuildFile; fileRef = 0415DE941AD3E135001EF623 /* ParseUI.framework */; };
		0415DE9C1AD3E194001EF623 /* AudioToolbox.framework in Frameworks */ = {isa = PBXBuildFile; fileRef = 0415DE9B1AD3E194001EF623 /* AudioToolbox.framework */; };
		0415DE9E1AD3E19C001EF623 /* CFNetwork.framework in Frameworks */ = {isa = PBXBuildFile; fileRef = 0415DE9D1AD3E19C001EF623 /* CFNetwork.framework */; };
		0415DEA01AD3E1A6001EF623 /* CoreGraphics.framework in Frameworks */ = {isa = PBXBuildFile; fileRef = 0415DE9F1AD3E1A6001EF623 /* CoreGraphics.framework */; };
		0415DEA21AD3E1AF001EF623 /* CoreLocation.framework in Frameworks */ = {isa = PBXBuildFile; fileRef = 0415DEA11AD3E1AF001EF623 /* CoreLocation.framework */; };
		0415DEA41AD3E1BA001EF623 /* MobileCoreServices.framework in Frameworks */ = {isa = PBXBuildFile; fileRef = 0415DEA31AD3E1BA001EF623 /* MobileCoreServices.framework */; };
		0415DEA61AD3E1C5001EF623 /* QuartzCore.framework in Frameworks */ = {isa = PBXBuildFile; fileRef = 0415DEA51AD3E1C5001EF623 /* QuartzCore.framework */; };
		0415DEA81AD3E1CE001EF623 /* Security.framework in Frameworks */ = {isa = PBXBuildFile; fileRef = 0415DEA71AD3E1CE001EF623 /* Security.framework */; };
		0415DEAA1AD3E1D6001EF623 /* StoreKit.framework in Frameworks */ = {isa = PBXBuildFile; fileRef = 0415DEA91AD3E1D6001EF623 /* StoreKit.framework */; };
		0415DEAC1AD3E1E3001EF623 /* SystemConfiguration.framework in Frameworks */ = {isa = PBXBuildFile; fileRef = 0415DEAB1AD3E1E3001EF623 /* SystemConfiguration.framework */; };
		0415DEAE1AD3E1F7001EF623 /* libz.dylib in Frameworks */ = {isa = PBXBuildFile; fileRef = 0415DEAD1AD3E1F7001EF623 /* libz.dylib */; };
		0415DEB01AD3E203001EF623 /* libsqlite3.dylib in Frameworks */ = {isa = PBXBuildFile; fileRef = 0415DEAF1AD3E203001EF623 /* libsqlite3.dylib */; };
		0415DEB31AD3E837001EF623 /* UIKit.framework in Frameworks */ = {isa = PBXBuildFile; fileRef = 0415DEB21AD3E837001EF623 /* UIKit.framework */; };
		0415DEB51AD3E841001EF623 /* Foundation.framework in Frameworks */ = {isa = PBXBuildFile; fileRef = 0415DEB41AD3E840001EF623 /* Foundation.framework */; };
		0415DEB81AD3ECD9001EF623 /* User.m in Sources */ = {isa = PBXBuildFile; fileRef = 0415DEB71AD3ECD9001EF623 /* User.m */; };
		04461CAA1AD3913700CBC80A /* main.m in Sources */ = {isa = PBXBuildFile; fileRef = 04461CA91AD3913700CBC80A /* main.m */; };
		04461CAD1AD3913700CBC80A /* AppDelegate.m in Sources */ = {isa = PBXBuildFile; fileRef = 04461CAC1AD3913700CBC80A /* AppDelegate.m */; };
		04461CB01AD3913700CBC80A /* ViewController.m in Sources */ = {isa = PBXBuildFile; fileRef = 04461CAF1AD3913700CBC80A /* ViewController.m */; };
		04461CB31AD3913700CBC80A /* Main.storyboard in Resources */ = {isa = PBXBuildFile; fileRef = 04461CB11AD3913700CBC80A /* Main.storyboard */; };
		04461CB51AD3913700CBC80A /* Images.xcassets in Resources */ = {isa = PBXBuildFile; fileRef = 04461CB41AD3913700CBC80A /* Images.xcassets */; };
		04461CB81AD3913700CBC80A /* LaunchScreen.xib in Resources */ = {isa = PBXBuildFile; fileRef = 04461CB61AD3913700CBC80A /* LaunchScreen.xib */; };
		04461CC41AD3913700CBC80A /* MachineRunTrackingTests.m in Sources */ = {isa = PBXBuildFile; fileRef = 04461CC31AD3913700CBC80A /* MachineRunTrackingTests.m */; };
		04461CE91AD3A8F100CBC80A /* UserDetails.m in Sources */ = {isa = PBXBuildFile; fileRef = 04461CE81AD3A8F100CBC80A /* UserDetails.m */; };
		04461CEF1AD3A97B00CBC80A /* AddUser.m in Sources */ = {isa = PBXBuildFile; fileRef = 04461CEE1AD3A97B00CBC80A /* AddUser.m */; };
		04461CF21AD3A9C500CBC80A /* UserList.m in Sources */ = {isa = PBXBuildFile; fileRef = 04461CF11AD3A9C500CBC80A /* UserList.m */; };
		04461D181AD3AEB100CBC80A /* MainMenu.m in Sources */ = {isa = PBXBuildFile; fileRef = 04461D171AD3AEB100CBC80A /* MainMenu.m */; };
		04461D1C1AD3B1EF00CBC80A /* UserListCell.m in Sources */ = {isa = PBXBuildFile; fileRef = 04461D1B1AD3B1EF00CBC80A /* UserListCell.m */; };
/* End PBXBuildFile section */

/* Begin PBXContainerItemProxy section */
		04461CBE1AD3913700CBC80A /* PBXContainerItemProxy */ = {
			isa = PBXContainerItemProxy;
			containerPortal = 04461C9C1AD3913700CBC80A /* Project object */;
			proxyType = 1;
			remoteGlobalIDString = 04461CA31AD3913700CBC80A;
			remoteInfo = MachineRunTracking;
		};
/* End PBXContainerItemProxy section */

/* Begin PBXFileReference section */
		0415DE8F1AD3E135001EF623 /* Bolts.framework */ = {isa = PBXFileReference; lastKnownFileType = wrapper.framework; path = Bolts.framework; sourceTree = "<group>"; };
		0415DE901AD3E135001EF623 /* Parse.framework */ = {isa = PBXFileReference; lastKnownFileType = wrapper.framework; path = Parse.framework; sourceTree = "<group>"; };
		0415DE911AD3E135001EF623 /* ParseCrashReporting.framework */ = {isa = PBXFileReference; lastKnownFileType = wrapper.framework; path = ParseCrashReporting.framework; sourceTree = "<group>"; };
		0415DE921AD3E135001EF623 /* ParseFacebookUtils.framework */ = {isa = PBXFileReference; lastKnownFileType = wrapper.framework; path = ParseFacebookUtils.framework; sourceTree = "<group>"; };
		0415DE931AD3E135001EF623 /* ParseFacebookUtilsV4.framework */ = {isa = PBXFileReference; lastKnownFileType = wrapper.framework; path = ParseFacebookUtilsV4.framework; sourceTree = "<group>"; };
		0415DE941AD3E135001EF623 /* ParseUI.framework */ = {isa = PBXFileReference; lastKnownFileType = wrapper.framework; path = ParseUI.framework; sourceTree = "<group>"; };
		0415DE9B1AD3E194001EF623 /* AudioToolbox.framework */ = {isa = PBXFileReference; lastKnownFileType = wrapper.framework; name = AudioToolbox.framework; path = System/Library/Frameworks/AudioToolbox.framework; sourceTree = SDKROOT; };
		0415DE9D1AD3E19C001EF623 /* CFNetwork.framework */ = {isa = PBXFileReference; lastKnownFileType = wrapper.framework; name = CFNetwork.framework; path = System/Library/Frameworks/CFNetwork.framework; sourceTree = SDKROOT; };
		0415DE9F1AD3E1A6001EF623 /* CoreGraphics.framework */ = {isa = PBXFileReference; lastKnownFileType = wrapper.framework; name = CoreGraphics.framework; path = System/Library/Frameworks/CoreGraphics.framework; sourceTree = SDKROOT; };
		0415DEA11AD3E1AF001EF623 /* CoreLocation.framework */ = {isa = PBXFileReference; lastKnownFileType = wrapper.framework; name = CoreLocation.framework; path = System/Library/Frameworks/CoreLocation.framework; sourceTree = SDKROOT; };
		0415DEA31AD3E1BA001EF623 /* MobileCoreServices.framework */ = {isa = PBXFileReference; lastKnownFileType = wrapper.framework; name = MobileCoreServices.framework; path = System/Library/Frameworks/MobileCoreServices.framework; sourceTree = SDKROOT; };
		0415DEA51AD3E1C5001EF623 /* QuartzCore.framework */ = {isa = PBXFileReference; lastKnownFileType = wrapper.framework; name = QuartzCore.framework; path = System/Library/Frameworks/QuartzCore.framework; sourceTree = SDKROOT; };
		0415DEA71AD3E1CE001EF623 /* Security.framework */ = {isa = PBXFileReference; lastKnownFileType = wrapper.framework; name = Security.framework; path = System/Library/Frameworks/Security.framework; sourceTree = SDKROOT; };
		0415DEA91AD3E1D6001EF623 /* StoreKit.framework */ = {isa = PBXFileReference; lastKnownFileType = wrapper.framework; name = StoreKit.framework; path = System/Library/Frameworks/StoreKit.framework; sourceTree = SDKROOT; };
		0415DEAB1AD3E1E3001EF623 /* SystemConfiguration.framework */ = {isa = PBXFileReference; lastKnownFileType = wrapper.framework; name = SystemConfiguration.framework; path = System/Library/Frameworks/SystemConfiguration.framework; sourceTree = SDKROOT; };
		0415DEAD1AD3E1F7001EF623 /* libz.dylib */ = {isa = PBXFileReference; lastKnownFileType = "compiled.mach-o.dylib"; name = libz.dylib; path = usr/lib/libz.dylib; sourceTree = SDKROOT; };
		0415DEAF1AD3E203001EF623 /* libsqlite3.dylib */ = {isa = PBXFileReference; lastKnownFileType = "compiled.mach-o.dylib"; name = libsqlite3.dylib; path = usr/lib/libsqlite3.dylib; sourceTree = SDKROOT; };
		0415DEB21AD3E837001EF623 /* UIKit.framework */ = {isa = PBXFileReference; lastKnownFileType = wrapper.framework; name = UIKit.framework; path = System/Library/Frameworks/UIKit.framework; sourceTree = SDKROOT; };
		0415DEB41AD3E840001EF623 /* Foundation.framework */ = {isa = PBXFileReference; lastKnownFileType = wrapper.framework; name = Foundation.framework; path = System/Library/Frameworks/Foundation.framework; sourceTree = SDKROOT; };
		0415DEB61AD3ECD9001EF623 /* User.h */ = {isa = PBXFileReference; fileEncoding = 4; lastKnownFileType = sourcecode.c.h; path = User.h; sourceTree = "<group>"; };
		0415DEB71AD3ECD9001EF623 /* User.m */ = {isa = PBXFileReference; fileEncoding = 4; lastKnownFileType = sourcecode.c.objc; path = User.m; sourceTree = "<group>"; };
		04461CA41AD3913700CBC80A /* MachineRunTracking.app */ = {isa = PBXFileReference; explicitFileType = wrapper.application; includeInIndex = 0; path = MachineRunTracking.app; sourceTree = BUILT_PRODUCTS_DIR; };
		04461CA81AD3913700CBC80A /* Info.plist */ = {isa = PBXFileReference; lastKnownFileType = text.plist.xml; path = Info.plist; sourceTree = "<group>"; };
		04461CA91AD3913700CBC80A /* main.m */ = {isa = PBXFileReference; lastKnownFileType = sourcecode.c.objc; path = main.m; sourceTree = "<group>"; };
		04461CAB1AD3913700CBC80A /* AppDelegate.h */ = {isa = PBXFileReference; lastKnownFileType = sourcecode.c.h; path = AppDelegate.h; sourceTree = "<group>"; };
		04461CAC1AD3913700CBC80A /* AppDelegate.m */ = {isa = PBXFileReference; lastKnownFileType = sourcecode.c.objc; path = AppDelegate.m; sourceTree = "<group>"; };
		04461CAE1AD3913700CBC80A /* ViewController.h */ = {isa = PBXFileReference; lastKnownFileType = sourcecode.c.h; path = ViewController.h; sourceTree = "<group>"; };
		04461CAF1AD3913700CBC80A /* ViewController.m */ = {isa = PBXFileReference; lastKnownFileType = sourcecode.c.objc; path = ViewController.m; sourceTree = "<group>"; };
		04461CB21AD3913700CBC80A /* Base */ = {isa = PBXFileReference; lastKnownFileType = file.storyboard; name = Base; path = Base.lproj/Main.storyboard; sourceTree = "<group>"; };
		04461CB41AD3913700CBC80A /* Images.xcassets */ = {isa = PBXFileReference; lastKnownFileType = folder.assetcatalog; path = Images.xcassets; sourceTree = "<group>"; };
		04461CB71AD3913700CBC80A /* Base */ = {isa = PBXFileReference; lastKnownFileType = file.xib; name = Base; path = Base.lproj/LaunchScreen.xib; sourceTree = "<group>"; };
		04461CBD1AD3913700CBC80A /* MachineRunTrackingTests.xctest */ = {isa = PBXFileReference; explicitFileType = wrapper.cfbundle; includeInIndex = 0; path = MachineRunTrackingTests.xctest; sourceTree = BUILT_PRODUCTS_DIR; };
		04461CC21AD3913700CBC80A /* Info.plist */ = {isa = PBXFileReference; lastKnownFileType = text.plist.xml; path = Info.plist; sourceTree = "<group>"; };
		04461CC31AD3913700CBC80A /* MachineRunTrackingTests.m */ = {isa = PBXFileReference; lastKnownFileType = sourcecode.c.objc; path = MachineRunTrackingTests.m; sourceTree = "<group>"; };
		04461CE71AD3A8F100CBC80A /* UserDetails.h */ = {isa = PBXFileReference; fileEncoding = 4; lastKnownFileType = sourcecode.c.h; path = UserDetails.h; sourceTree = "<group>"; };
		04461CE81AD3A8F100CBC80A /* UserDetails.m */ = {isa = PBXFileReference; fileEncoding = 4; lastKnownFileType = sourcecode.c.objc; path = UserDetails.m; sourceTree = "<group>"; };
		04461CED1AD3A97B00CBC80A /* AddUser.h */ = {isa = PBXFileReference; fileEncoding = 4; lastKnownFileType = sourcecode.c.h; path = AddUser.h; sourceTree = "<group>"; };
		04461CEE1AD3A97B00CBC80A /* AddUser.m */ = {isa = PBXFileReference; fileEncoding = 4; lastKnownFileType = sourcecode.c.objc; path = AddUser.m; sourceTree = "<group>"; };
		04461CF01AD3A9C500CBC80A /* UserList.h */ = {isa = PBXFileReference; fileEncoding = 4; lastKnownFileType = sourcecode.c.h; path = UserList.h; sourceTree = "<group>"; };
		04461CF11AD3A9C500CBC80A /* UserList.m */ = {isa = PBXFileReference; fileEncoding = 4; lastKnownFileType = sourcecode.c.objc; path = UserList.m; sourceTree = "<group>"; };
		04461D161AD3AEB100CBC80A /* MainMenu.h */ = {isa = PBXFileReference; fileEncoding = 4; lastKnownFileType = sourcecode.c.h; path = MainMenu.h; sourceTree = "<group>"; };
		04461D171AD3AEB100CBC80A /* MainMenu.m */ = {isa = PBXFileReference; fileEncoding = 4; lastKnownFileType = sourcecode.c.objc; path = MainMenu.m; sourceTree = "<group>"; };
		04461D1A1AD3B1EF00CBC80A /* UserListCell.h */ = {isa = PBXFileReference; fileEncoding = 4; lastKnownFileType = sourcecode.c.h; path = UserListCell.h; sourceTree = "<group>"; };
		04461D1B1AD3B1EF00CBC80A /* UserListCell.m */ = {isa = PBXFileReference; fileEncoding = 4; lastKnownFileType = sourcecode.c.objc; path = UserListCell.m; sourceTree = "<group>"; };
/* End PBXFileReference section */

/* Begin PBXFrameworksBuildPhase section */
		04461CA11AD3913700CBC80A /* Frameworks */ = {
			isa = PBXFrameworksBuildPhase;
			buildActionMask = 2147483647;
			files = (
				0415DEB51AD3E841001EF623 /* Foundation.framework in Frameworks */,
				0415DEB31AD3E837001EF623 /* UIKit.framework in Frameworks */,
				0415DEB01AD3E203001EF623 /* libsqlite3.dylib in Frameworks */,
				0415DEAE1AD3E1F7001EF623 /* libz.dylib in Frameworks */,
				0415DEAC1AD3E1E3001EF623 /* SystemConfiguration.framework in Frameworks */,
				0415DEAA1AD3E1D6001EF623 /* StoreKit.framework in Frameworks */,
				0415DEA81AD3E1CE001EF623 /* Security.framework in Frameworks */,
				0415DEA61AD3E1C5001EF623 /* QuartzCore.framework in Frameworks */,
				0415DEA41AD3E1BA001EF623 /* MobileCoreServices.framework in Frameworks */,
				0415DEA21AD3E1AF001EF623 /* CoreLocation.framework in Frameworks */,
				0415DEA01AD3E1A6001EF623 /* CoreGraphics.framework in Frameworks */,
				0415DE9E1AD3E19C001EF623 /* CFNetwork.framework in Frameworks */,
				0415DE9C1AD3E194001EF623 /* AudioToolbox.framework in Frameworks */,
				0415DE9A1AD3E135001EF623 /* ParseUI.framework in Frameworks */,
				0415DE961AD3E135001EF623 /* Parse.framework in Frameworks */,
				0415DE971AD3E135001EF623 /* ParseCrashReporting.framework in Frameworks */,
				0415DE981AD3E135001EF623 /* ParseFacebookUtils.framework in Frameworks */,
				0415DE951AD3E135001EF623 /* Bolts.framework in Frameworks */,
				0415DE991AD3E135001EF623 /* ParseFacebookUtilsV4.framework in Frameworks */,
			);
			runOnlyForDeploymentPostprocessing = 0;
		};
		04461CBA1AD3913700CBC80A /* Frameworks */ = {
			isa = PBXFrameworksBuildPhase;
			buildActionMask = 2147483647;
			files = (
			);
			runOnlyForDeploymentPostprocessing = 0;
		};
/* End PBXFrameworksBuildPhase section */

/* Begin PBXGroup section */
		0415DE8E1AD3E135001EF623 /* parse-library-1.7.1 */ = {
			isa = PBXGroup;
			children = (
				0415DE8F1AD3E135001EF623 /* Bolts.framework */,
				0415DE901AD3E135001EF623 /* Parse.framework */,
				0415DE911AD3E135001EF623 /* ParseCrashReporting.framework */,
				0415DE921AD3E135001EF623 /* ParseFacebookUtils.framework */,
				0415DE931AD3E135001EF623 /* ParseFacebookUtilsV4.framework */,
				0415DE941AD3E135001EF623 /* ParseUI.framework */,
			);
			path = "parse-library-1.7.1";
			sourceTree = "<group>";
		};
		0415DEB11AD3E430001EF623 /* Dependancies */ = {
			isa = PBXGroup;
			children = (
				0415DEAF1AD3E203001EF623 /* libsqlite3.dylib */,
				0415DEAD1AD3E1F7001EF623 /* libz.dylib */,
				0415DEAB1AD3E1E3001EF623 /* SystemConfiguration.framework */,
				0415DEA91AD3E1D6001EF623 /* StoreKit.framework */,
				0415DEA71AD3E1CE001EF623 /* Security.framework */,
				0415DEA51AD3E1C5001EF623 /* QuartzCore.framework */,
				0415DEA31AD3E1BA001EF623 /* MobileCoreServices.framework */,
				0415DEA11AD3E1AF001EF623 /* CoreLocation.framework */,
				0415DE9F1AD3E1A6001EF623 /* CoreGraphics.framework */,
				0415DE9D1AD3E19C001EF623 /* CFNetwork.framework */,
				0415DE9B1AD3E194001EF623 /* AudioToolbox.framework */,
			);
			name = Dependancies;
			sourceTree = "<group>";
		};
		04461C9B1AD3913700CBC80A = {
			isa = PBXGroup;
			children = (
				04461CA61AD3913700CBC80A /* MachineRunTracking */,
				04461CC01AD3913700CBC80A /* MachineRunTrackingTests */,
				04461CA51AD3913700CBC80A /* Products */,
			);
			sourceTree = "<group>";
		};
		04461CA51AD3913700CBC80A /* Products */ = {
			isa = PBXGroup;
			children = (
				04461CA41AD3913700CBC80A /* MachineRunTracking.app */,
				04461CBD1AD3913700CBC80A /* MachineRunTrackingTests.xctest */,
			);
			name = Products;
			sourceTree = "<group>";
		};
		04461CA61AD3913700CBC80A /* MachineRunTracking */ = {
			isa = PBXGroup;
			children = (
				04461D191AD3AEBA00CBC80A /* Main Menu */,
				04461D121AD3ADAF00CBC80A /* User Information */,
				04461CE61AD3A42F00CBC80A /* Login */,
				04461CE41AD3A3FA00CBC80A /* User Interface */,
				04461CCF1AD3A2A700CBC80A /* Frameworks */,
				04461CA71AD3913700CBC80A /* Supporting Files */,
			);
			path = MachineRunTracking;
			sourceTree = "<group>";
		};
		04461CA71AD3913700CBC80A /* Supporting Files */ = {
			isa = PBXGroup;
			children = (
				04461CA81AD3913700CBC80A /* Info.plist */,
				04461CA91AD3913700CBC80A /* main.m */,
			);
			name = "Supporting Files";
			sourceTree = "<group>";
		};
		04461CC01AD3913700CBC80A /* MachineRunTrackingTests */ = {
			isa = PBXGroup;
			children = (
				04461CC31AD3913700CBC80A /* MachineRunTrackingTests.m */,
				04461CC11AD3913700CBC80A /* Supporting Files */,
			);
			path = MachineRunTrackingTests;
			sourceTree = "<group>";
		};
		04461CC11AD3913700CBC80A /* Supporting Files */ = {
			isa = PBXGroup;
			children = (
				04461CC21AD3913700CBC80A /* Info.plist */,
			);
			name = "Supporting Files";
			sourceTree = "<group>";
		};
		04461CCF1AD3A2A700CBC80A /* Frameworks */ = {
			isa = PBXGroup;
			children = (
				0415DEB41AD3E840001EF623 /* Foundation.framework */,
				0415DEB21AD3E837001EF623 /* UIKit.framework */,
				0415DEB11AD3E430001EF623 /* Dependancies */,
				0415DE8E1AD3E135001EF623 /* parse-library-1.7.1 */,
			);
			name = Frameworks;
			sourceTree = "<group>";
		};
		04461CE41AD3A3FA00CBC80A /* User Interface */ = {
			isa = PBXGroup;
			children = (
				04461CB11AD3913700CBC80A /* Main.storyboard */,
				04461CB41AD3913700CBC80A /* Images.xcassets */,
				04461CB61AD3913700CBC80A /* LaunchScreen.xib */,
			);
			name = "User Interface";
			sourceTree = "<group>";
		};
		04461CE61AD3A42F00CBC80A /* Login */ = {
			isa = PBXGroup;
			children = (
				04461CAB1AD3913700CBC80A /* AppDelegate.h */,
				04461CAC1AD3913700CBC80A /* AppDelegate.m */,
				04461CAE1AD3913700CBC80A /* ViewController.h */,
				04461CAF1AD3913700CBC80A /* ViewController.m */,
			);
			name = Login;
			sourceTree = "<group>";
		};
		04461D121AD3ADAF00CBC80A /* User Information */ = {
			isa = PBXGroup;
			children = (
				04461D151AD3AE0100CBC80A /* Show User List */,
				04461D141AD3ADEF00CBC80A /* Add New User */,
				04461D131AD3ADCC00CBC80A /* User Detail Information */,
				0415DEB61AD3ECD9001EF623 /* User.h */,
				0415DEB71AD3ECD9001EF623 /* User.m */,
			);
			name = "User Information";
			sourceTree = "<group>";
		};
		04461D131AD3ADCC00CBC80A /* User Detail Information */ = {
			isa = PBXGroup;
			children = (
				04461CE71AD3A8F100CBC80A /* UserDetails.h */,
				04461CE81AD3A8F100CBC80A /* UserDetails.m */,
			);
			name = "User Detail Information";
			sourceTree = "<group>";
		};
		04461D141AD3ADEF00CBC80A /* Add New User */ = {
			isa = PBXGroup;
			children = (
				04461CED1AD3A97B00CBC80A /* AddUser.h */,
				04461CEE1AD3A97B00CBC80A /* AddUser.m */,
			);
			name = "Add New User";
			sourceTree = "<group>";
		};
		04461D151AD3AE0100CBC80A /* Show User List */ = {
			isa = PBXGroup;
			children = (
				04461CF01AD3A9C500CBC80A /* UserList.h */,
				04461CF11AD3A9C500CBC80A /* UserList.m */,
				04461D1A1AD3B1EF00CBC80A /* UserListCell.h */,
				04461D1B1AD3B1EF00CBC80A /* UserListCell.m */,
			);
			name = "Show User List";
			sourceTree = "<group>";
		};
		04461D191AD3AEBA00CBC80A /* Main Menu */ = {
			isa = PBXGroup;
			children = (
				04461D161AD3AEB100CBC80A /* MainMenu.h */,
				04461D171AD3AEB100CBC80A /* MainMenu.m */,
			);
			name = "Main Menu";
			sourceTree = "<group>";
		};
/* End PBXGroup section */

/* Begin PBXNativeTarget section */
		04461CA31AD3913700CBC80A /* MachineRunTracking */ = {
			isa = PBXNativeTarget;
			buildConfigurationList = 04461CC71AD3913700CBC80A /* Build configuration list for PBXNativeTarget "MachineRunTracking" */;
			buildPhases = (
				04461CA01AD3913700CBC80A /* Sources */,
				04461CA11AD3913700CBC80A /* Frameworks */,
				04461CA21AD3913700CBC80A /* Resources */,
			);
			buildRules = (
			);
			dependencies = (
			);
			name = MachineRunTracking;
			productName = MachineRunTracking;
			productReference = 04461CA41AD3913700CBC80A /* MachineRunTracking.app */;
			productType = "com.apple.product-type.application";
		};
		04461CBC1AD3913700CBC80A /* MachineRunTrackingTests */ = {
			isa = PBXNativeTarget;
			buildConfigurationList = 04461CCA1AD3913700CBC80A /* Build configuration list for PBXNativeTarget "MachineRunTrackingTests" */;
			buildPhases = (
				04461CB91AD3913700CBC80A /* Sources */,
				04461CBA1AD3913700CBC80A /* Frameworks */,
				04461CBB1AD3913700CBC80A /* Resources */,
			);
			buildRules = (
			);
			dependencies = (
				04461CBF1AD3913700CBC80A /* PBXTargetDependency */,
			);
			name = MachineRunTrackingTests;
			productName = MachineRunTrackingTests;
			productReference = 04461CBD1AD3913700CBC80A /* MachineRunTrackingTests.xctest */;
			productType = "com.apple.product-type.bundle.unit-test";
		};
/* End PBXNativeTarget section */

/* Begin PBXProject section */
		04461C9C1AD3913700CBC80A /* Project object */ = {
			isa = PBXProject;
			attributes = {
				LastUpgradeCheck = 0610;
				ORGANIZATIONNAME = AperoTechnologies;
				TargetAttributes = {
					04461CA31AD3913700CBC80A = {
						CreatedOnToolsVersion = 6.1;
					};
					04461CBC1AD3913700CBC80A = {
						CreatedOnToolsVersion = 6.1;
						TestTargetID = 04461CA31AD3913700CBC80A;
					};
				};
			};
			buildConfigurationList = 04461C9F1AD3913700CBC80A /* Build configuration list for PBXProject "MachineRunTracking" */;
			compatibilityVersion = "Xcode 3.2";
			developmentRegion = English;
			hasScannedForEncodings = 0;
			knownRegions = (
				en,
				Base,
			);
			mainGroup = 04461C9B1AD3913700CBC80A;
			productRefGroup = 04461CA51AD3913700CBC80A /* Products */;
			projectDirPath = "";
			projectRoot = "";
			targets = (
				04461CA31AD3913700CBC80A /* MachineRunTracking */,
				04461CBC1AD3913700CBC80A /* MachineRunTrackingTests */,
			);
		};
/* End PBXProject section */

/* Begin PBXResourcesBuildPhase section */
		04461CA21AD3913700CBC80A /* Resources */ = {
			isa = PBXResourcesBuildPhase;
			buildActionMask = 2147483647;
			files = (
				04461CB31AD3913700CBC80A /* Main.storyboard in Resources */,
				04461CB81AD3913700CBC80A /* LaunchScreen.xib in Resources */,
				04461CB51AD3913700CBC80A /* Images.xcassets in Resources */,
			);
			runOnlyForDeploymentPostprocessing = 0;
		};
		04461CBB1AD3913700CBC80A /* Resources */ = {
			isa = PBXResourcesBuildPhase;
			buildActionMask = 2147483647;
			files = (
			);
			runOnlyForDeploymentPostprocessing = 0;
		};
/* End PBXResourcesBuildPhase section */

/* Begin PBXSourcesBuildPhase section */
		04461CA01AD3913700CBC80A /* Sources */ = {
			isa = PBXSourcesBuildPhase;
			buildActionMask = 2147483647;
			files = (
				04461D181AD3AEB100CBC80A /* MainMenu.m in Sources */,
				04461CEF1AD3A97B00CBC80A /* AddUser.m in Sources */,
				0415DEB81AD3ECD9001EF623 /* User.m in Sources */,
				04461CB01AD3913700CBC80A /* ViewController.m in Sources */,
				04461CF21AD3A9C500CBC80A /* UserList.m in Sources */,
				04461D1C1AD3B1EF00CBC80A /* UserListCell.m in Sources */,
				04461CE91AD3A8F100CBC80A /* UserDetails.m in Sources */,
				04461CAD1AD3913700CBC80A /* AppDelegate.m in Sources */,
				04461CAA1AD3913700CBC80A /* main.m in Sources */,
			);
			runOnlyForDeploymentPostprocessing = 0;
		};
		04461CB91AD3913700CBC80A /* Sources */ = {
			isa = PBXSourcesBuildPhase;
			buildActionMask = 2147483647;
			files = (
				04461CC41AD3913700CBC80A /* MachineRunTrackingTests.m in Sources */,
			);
			runOnlyForDeploymentPostprocessing = 0;
		};
/* End PBXSourcesBuildPhase section */

/* Begin PBXTargetDependency section */
		04461CBF1AD3913700CBC80A /* PBXTargetDependency */ = {
			isa = PBXTargetDependency;
			target = 04461CA31AD3913700CBC80A /* MachineRunTracking */;
			targetProxy = 04461CBE1AD3913700CBC80A /* PBXContainerItemProxy */;
		};
/* End PBXTargetDependency section */

/* Begin PBXVariantGroup section */
		04461CB11AD3913700CBC80A /* Main.storyboard */ = {
			isa = PBXVariantGroup;
			children = (
				04461CB21AD3913700CBC80A /* Base */,
			);
			name = Main.storyboard;
			sourceTree = "<group>";
		};
		04461CB61AD3913700CBC80A /* LaunchScreen.xib */ = {
			isa = PBXVariantGroup;
			children = (
				04461CB71AD3913700CBC80A /* Base */,
			);
			name = LaunchScreen.xib;
			sourceTree = "<group>";
		};
/* End PBXVariantGroup section */

/* Begin XCBuildConfiguration section */
		04461CC51AD3913700CBC80A /* Debug */ = {
			isa = XCBuildConfiguration;
			buildSettings = {
				ALWAYS_SEARCH_USER_PATHS = NO;
				CLANG_CXX_LANGUAGE_STANDARD = "gnu++0x";
				CLANG_CXX_LIBRARY = "libc++";
				CLANG_ENABLE_MODULES = YES;
				CLANG_ENABLE_OBJC_ARC = YES;
				CLANG_WARN_BOOL_CONVERSION = YES;
				CLANG_WARN_CONSTANT_CONVERSION = YES;
				CLANG_WARN_DIRECT_OBJC_ISA_USAGE = YES_ERROR;
				CLANG_WARN_EMPTY_BODY = YES;
				CLANG_WARN_ENUM_CONVERSION = YES;
				CLANG_WARN_INT_CONVERSION = YES;
				CLANG_WARN_OBJC_ROOT_CLASS = YES_ERROR;
				CLANG_WARN_UNREACHABLE_CODE = YES;
				CLANG_WARN__DUPLICATE_METHOD_MATCH = YES;
				"CODE_SIGN_IDENTITY[sdk=iphoneos*]" = "iPhone Developer";
				COPY_PHASE_STRIP = NO;
				ENABLE_STRICT_OBJC_MSGSEND = YES;
				GCC_C_LANGUAGE_STANDARD = gnu99;
				GCC_DYNAMIC_NO_PIC = NO;
				GCC_OPTIMIZATION_LEVEL = 0;
				GCC_PREPROCESSOR_DEFINITIONS = (
					"DEBUG=1",
					"$(inherited)",
				);
				GCC_SYMBOLS_PRIVATE_EXTERN = NO;
				GCC_WARN_64_TO_32_BIT_CONVERSION = YES;
				GCC_WARN_ABOUT_RETURN_TYPE = YES_ERROR;
				GCC_WARN_UNDECLARED_SELECTOR = YES;
				GCC_WARN_UNINITIALIZED_AUTOS = YES_AGGRESSIVE;
				GCC_WARN_UNUSED_FUNCTION = YES;
				GCC_WARN_UNUSED_VARIABLE = YES;
				IPHONEOS_DEPLOYMENT_TARGET = 8.1;
				MTL_ENABLE_DEBUG_INFO = YES;
				ONLY_ACTIVE_ARCH = YES;
				SDKROOT = iphoneos;
				TARGETED_DEVICE_FAMILY = "1,2";
			};
			name = Debug;
		};
		04461CC61AD3913700CBC80A /* Release */ = {
			isa = XCBuildConfiguration;
			buildSettings = {
				ALWAYS_SEARCH_USER_PATHS = NO;
				CLANG_CXX_LANGUAGE_STANDARD = "gnu++0x";
				CLANG_CXX_LIBRARY = "libc++";
				CLANG_ENABLE_MODULES = YES;
				CLANG_ENABLE_OBJC_ARC = YES;
				CLANG_WARN_BOOL_CONVERSION = YES;
				CLANG_WARN_CONSTANT_CONVERSION = YES;
				CLANG_WARN_DIRECT_OBJC_ISA_USAGE = YES_ERROR;
				CLANG_WARN_EMPTY_BODY = YES;
				CLANG_WARN_ENUM_CONVERSION = YES;
				CLANG_WARN_INT_CONVERSION = YES;
				CLANG_WARN_OBJC_ROOT_CLASS = YES_ERROR;
				CLANG_WARN_UNREACHABLE_CODE = YES;
				CLANG_WARN__DUPLICATE_METHOD_MATCH = YES;
				"CODE_SIGN_IDENTITY[sdk=iphoneos*]" = "iPhone Developer";
				COPY_PHASE_STRIP = YES;
				ENABLE_NS_ASSERTIONS = NO;
				ENABLE_STRICT_OBJC_MSGSEND = YES;
				GCC_C_LANGUAGE_STANDARD = gnu99;
				GCC_WARN_64_TO_32_BIT_CONVERSION = YES;
				GCC_WARN_ABOUT_RETURN_TYPE = YES_ERROR;
				GCC_WARN_UNDECLARED_SELECTOR = YES;
				GCC_WARN_UNINITIALIZED_AUTOS = YES_AGGRESSIVE;
				GCC_WARN_UNUSED_FUNCTION = YES;
				GCC_WARN_UNUSED_VARIABLE = YES;
				IPHONEOS_DEPLOYMENT_TARGET = 8.1;
				MTL_ENABLE_DEBUG_INFO = NO;
				SDKROOT = iphoneos;
				TARGETED_DEVICE_FAMILY = "1,2";
				VALIDATE_PRODUCT = YES;
			};
			name = Release;
		};
		04461CC81AD3913700CBC80A /* Debug */ = {
			isa = XCBuildConfiguration;
			buildSettings = {
				ALWAYS_SEARCH_USER_PATHS = YES;
				ASSETCATALOG_COMPILER_APPICON_NAME = AppIcon;
				FRAMEWORK_SEARCH_PATHS = (
					"$(PROJECT_DIR)",
					"$(PROJECT_DIR)/MachineRunTracking",
					"$(PROJECT_DIR)/MachineRunTracking/parse-library-1.7.1",
				);
				INFOPLIST_FILE = MachineRunTracking/Info.plist;
				LD_RUNPATH_SEARCH_PATHS = "$(inherited) @executable_path/Frameworks";
				PRODUCT_NAME = "$(TARGET_NAME)";
			};
			name = Debug;
		};
		04461CC91AD3913700CBC80A /* Release */ = {
			isa = XCBuildConfiguration;
			buildSettings = {
				ALWAYS_SEARCH_USER_PATHS = YES;
				ASSETCATALOG_COMPILER_APPICON_NAME = AppIcon;
				FRAMEWORK_SEARCH_PATHS = (
					"$(PROJECT_DIR)",
					"$(PROJECT_DIR)/MachineRunTracking",
					"$(PROJECT_DIR)/MachineRunTracking/parse-library-1.7.1",
				);
				INFOPLIST_FILE = MachineRunTracking/Info.plist;
				LD_RUNPATH_SEARCH_PATHS = "$(inherited) @executable_path/Frameworks";
				PRODUCT_NAME = "$(TARGET_NAME)";
			};
			name = Release;
		};
		04461CCB1AD3913700CBC80A /* Debug */ = {
			isa = XCBuildConfiguration;
			buildSettings = {
				BUNDLE_LOADER = "$(TEST_HOST)";
				FRAMEWORK_SEARCH_PATHS = (
					"$(SDKROOT)/Developer/Library/Frameworks",
					"$(inherited)",
				);
				GCC_PREPROCESSOR_DEFINITIONS = (
					"DEBUG=1",
					"$(inherited)",
				);
				INFOPLIST_FILE = MachineRunTrackingTests/Info.plist;
				LD_RUNPATH_SEARCH_PATHS = "$(inherited) @executable_path/Frameworks @loader_path/Frameworks";
				PRODUCT_NAME = "$(TARGET_NAME)";
				TEST_HOST = "$(BUILT_PRODUCTS_DIR)/MachineRunTracking.app/MachineRunTracking";
			};
			name = Debug;
		};
		04461CCC1AD3913700CBC80A /* Release */ = {
			isa = XCBuildConfiguration;
			buildSettings = {
				BUNDLE_LOADER = "$(TEST_HOST)";
				FRAMEWORK_SEARCH_PATHS = (
					"$(SDKROOT)/Developer/Library/Frameworks",
					"$(inherited)",
				);
				INFOPLIST_FILE = MachineRunTrackingTests/Info.plist;
				LD_RUNPATH_SEARCH_PATHS = "$(inherited) @executable_path/Frameworks @loader_path/Frameworks";
				PRODUCT_NAME = "$(TARGET_NAME)";
				TEST_HOST = "$(BUILT_PRODUCTS_DIR)/MachineRunTracking.app/MachineRunTracking";
			};
			name = Release;
		};
/* End XCBuildConfiguration section */

/* Begin XCConfigurationList section */
		04461C9F1AD3913700CBC80A /* Build configuration list for PBXProject "MachineRunTracking" */ = {
			isa = XCConfigurationList;
			buildConfigurations = (
				04461CC51AD3913700CBC80A /* Debug */,
				04461CC61AD3913700CBC80A /* Release */,
			);
			defaultConfigurationIsVisible = 0;
			defaultConfigurationName = Release;
		};
		04461CC71AD3913700CBC80A /* Build configuration list for PBXNativeTarget "MachineRunTracking" */ = {
			isa = XCConfigurationList;
			buildConfigurations = (
				04461CC81AD3913700CBC80A /* Debug */,
				04461CC91AD3913700CBC80A /* Release */,
			);
			defaultConfigurationIsVisible = 0;
			defaultConfigurationName = Release;
		};
		04461CCA1AD3913700CBC80A /* Build configuration list for PBXNativeTarget "MachineRunTrackingTests" */ = {
			isa = XCConfigurationList;
			buildConfigurations = (
				04461CCB1AD3913700CBC80A /* Debug */,
				04461CCC1AD3913700CBC80A /* Release */,
			);
			defaultConfigurationIsVisible = 0;
			defaultConfigurationName = Release;
		};
/* End XCConfigurationList section */
	};
	rootObject = 04461C9C1AD3913700CBC80A /* Project object */;
}
